// !$*UTF8*$!
{
	archiveVersion = 1;
	classes = {
	};
	objectVersion = 46;
	objects = {

/* Begin PBXBuildFile section */
		3B49B7241EC5F62100DA1635 /* AppDelegate.swift in Sources */ = {isa = PBXBuildFile; fileRef = 3B49B7231EC5F62100DA1635 /* AppDelegate.swift */; };
		3B49B7261EC5F62100DA1635 /* ViewController.swift in Sources */ = {isa = PBXBuildFile; fileRef = 3B49B7251EC5F62100DA1635 /* ViewController.swift */; };
		3B49B7291EC5F62100DA1635 /* Main.storyboard in Resources */ = {isa = PBXBuildFile; fileRef = 3B49B7271EC5F62100DA1635 /* Main.storyboard */; };
		3B49B72B1EC5F62100DA1635 /* Assets.xcassets in Resources */ = {isa = PBXBuildFile; fileRef = 3B49B72A1EC5F62100DA1635 /* Assets.xcassets */; };
		3B49B72E1EC5F62100DA1635 /* LaunchScreen.storyboard in Resources */ = {isa = PBXBuildFile; fileRef = 3B49B72C1EC5F62100DA1635 /* LaunchScreen.storyboard */; };
		3B49B7381EC60E7900DA1635 /* fingerprint.png in Resources */ = {isa = PBXBuildFile; fileRef = 3B49B7371EC60E7900DA1635 /* fingerprint.png */; };
/* End PBXBuildFile section */

/* Begin PBXFileReference section */
		3B49B7201EC5F62100DA1635 /* 3DTouchQuickAction.app */ = {isa = PBXFileReference; explicitFileType = wrapper.application; includeInIndex = 0; path = 3DTouchQuickAction.app; sourceTree = BUILT_PRODUCTS_DIR; };
		3B49B7231EC5F62100DA1635 /* AppDelegate.swift */ = {isa = PBXFileReference; lastKnownFileType = sourcecode.swift; path = AppDelegate.swift; sourceTree = "<group>"; };
		3B49B7251EC5F62100DA1635 /* ViewController.swift */ = {isa = PBXFileReference; lastKnownFileType = sourcecode.swift; path = ViewController.swift; sourceTree = "<group>"; };
		3B49B7281EC5F62100DA1635 /* Base */ = {isa = PBXFileReference; lastKnownFileType = file.storyboard; name = Base; path = Base.lproj/Main.storyboard; sourceTree = "<group>"; };
		3B49B72A1EC5F62100DA1635 /* Assets.xcassets */ = {isa = PBXFileReference; lastKnownFileType = folder.assetcatalog; path = Assets.xcassets; sourceTree = "<group>"; };
		3B49B72D1EC5F62100DA1635 /* Base */ = {isa = PBXFileReference; lastKnownFileType = file.storyboard; name = Base; path = Base.lproj/LaunchScreen.storyboard; sourceTree = "<group>"; };
		3B49B72F1EC5F62100DA1635 /* Info.plist */ = {isa = PBXFileReference; lastKnownFileType = text.plist.xml; path = Info.plist; sourceTree = "<group>"; };
		3B49B7371EC60E7900DA1635 /* fingerprint.png */ = {isa = PBXFileReference; lastKnownFileType = image.png; path = fingerprint.png; sourceTree = "<group>"; };
/* End PBXFileReference section */

/* Begin PBXFrameworksBuildPhase section */
		3B49B71D1EC5F62100DA1635 /* Frameworks */ = {
			isa = PBXFrameworksBuildPhase;
			buildActionMask = 2147483647;
			files = (
			);
			runOnlyForDeploymentPostprocessing = 0;
		};
/* End PBXFrameworksBuildPhase section */

/* Begin PBXGroup section */
		3B49B7171EC5F62100DA1635 = {
			isa = PBXGroup;
			children = (
				3B49B7221EC5F62100DA1635 /* 3DTouchQuickAction */,
				3B49B7211EC5F62100DA1635 /* Products */,
			);
			sourceTree = "<group>";
		};
		3B49B7211EC5F62100DA1635 /* Products */ = {
			isa = PBXGroup;
			children = (
				3B49B7201EC5F62100DA1635 /* 3DTouchQuickAction.app */,
			);
			name = Products;
			sourceTree = "<group>";
		};
		3B49B7221EC5F62100DA1635 /* 3DTouchQuickAction */ = {
			isa = PBXGroup;
			children = (
				3B49B7371EC60E7900DA1635 /* fingerprint.png */,
				3B49B7231EC5F62100DA1635 /* AppDelegate.swift */,
				3B49B7251EC5F62100DA1635 /* ViewController.swift */,
				3B49B7271EC5F62100DA1635 /* Main.storyboard */,
				3B49B72A1EC5F62100DA1635 /* Assets.xcassets */,
				3B49B72C1EC5F62100DA1635 /* LaunchScreen.storyboard */,
				3B49B72F1EC5F62100DA1635 /* Info.plist */,
			);
			path = 3DTouchQuickAction;
			sourceTree = "<group>";
		};
/* End PBXGroup section */

/* Begin PBXNativeTarget section */
		3B49B71F1EC5F62100DA1635 /* 3DTouchQuickAction */ = {
			isa = PBXNativeTarget;
			buildConfigurationList = 3B49B7321EC5F62200DA1635 /* Build configuration list for PBXNativeTarget "3DTouchQuickAction" */;
			buildPhases = (
				3B49B71C1EC5F62100DA1635 /* Sources */,
				3B49B71D1EC5F62100DA1635 /* Frameworks */,
				3B49B71E1EC5F62100DA1635 /* Resources */,
			);
			buildRules = (
			);
			dependencies = (
			);
			name = 3DTouchQuickAction;
			productName = 3DTouchQuickAction;
			productReference = 3B49B7201EC5F62100DA1635 /* 3DTouchQuickAction.app */;
			productType = "com.apple.product-type.application";
		};
/* End PBXNativeTarget section */

/* Begin PBXProject section */
		3B49B7181EC5F62100DA1635 /* Project object */ = {
			isa = PBXProject;
			attributes = {
				LastSwiftUpdateCheck = 0830;
				LastUpgradeCheck = 0830;
				ORGANIZATIONNAME = nimoAndHisFriends;
				TargetAttributes = {
					3B49B71F1EC5F62100DA1635 = {
						CreatedOnToolsVersion = 8.3.2;
						DevelopmentTeam = 53BVK9ETZD;
						ProvisioningStyle = Automatic;
					};
				};
			};
			buildConfigurationList = 3B49B71B1EC5F62100DA1635 /* Build configuration list for PBXProject "3DTouchQuickAction" */;
			compatibilityVersion = "Xcode 3.2";
			developmentRegion = English;
			hasScannedForEncodings = 0;
			knownRegions = (
				English,
				en,
				Base,
			);
			mainGroup = 3B49B7171EC5F62100DA1635;
			productRefGroup = 3B49B7211EC5F62100DA1635 /* Products */;
			projectDirPath = "";
			projectRoot = "";
			targets = (
				3B49B71F1EC5F62100DA1635 /* 3DTouchQuickAction */,
			);
		};
/* End PBXProject section */

/* Begin PBXResourcesBuildPhase section */
		3B49B71E1EC5F62100DA1635 /* Resources */ = {
			isa = PBXResourcesBuildPhase;
			buildActionMask = 2147483647;
			files = (
				3B49B72E1EC5F62100DA1635 /* LaunchScreen.storyboard in Resources */,
				3B49B72B1EC5F62100DA1635 /* Assets.xcassets in Resources */,
				3B49B7381EC60E7900DA1635 /* fingerprint.png in Resources */,
				3B49B7291EC5F62100DA1635 /* Main.storyboard in Resources */,
			);
			runOnlyForDeploymentPostprocessing = 0;
		};
/* End PBXResourcesBuildPhase section */

/* Begin PBXSourcesBuildPhase section */
		3B49B71C1EC5F62100DA1635 /* Sources */ = {
			isa = PBXSourcesBuildPhase;
			buildActionMask = 2147483647;
			files = (
				3B49B7261EC5F62100DA1635 /* ViewController.swift in Sources */,
				3B49B7241EC5F62100DA1635 /* AppDelegate.swift in Sources */,
			);
			runOnlyForDeploymentPostprocessing = 0;
		};
/* End PBXSourcesBuildPhase section */

/* Begin PBXVariantGroup section */
		3B49B7271EC5F62100DA1635 /* Main.storyboard */ = {
			isa = PBXVariantGroup;
			children = (
				3B49B7281EC5F62100DA1635 /* Base */,
			);
			name = Main.storyboard;
			sourceTree = "<group>";
		};
		3B49B72C1EC5F62100DA1635 /* LaunchScreen.storyboard */ = {
			isa = PBXVariantGroup;
			children = (
				3B49B72D1EC5F62100DA1635 /* Base */,
			);
			name = LaunchScreen.storyboard;
			sourceTree = "<group>";
		};
/* End PBXVariantGroup section */

/* Begin XCBuildConfiguration section */
		3B49B7301EC5F62100DA1635 /* Debug */ = {
			isa = XCBuildConfiguration;
			buildSettings = {
				ALWAYS_SEARCH_USER_PATHS = NO;
				CLANG_ANALYZER_NONNULL = YES;
				CLANG_ANALYZER_NUMBER_OBJECT_CONVERSION = YES_AGGRESSIVE;
				CLANG_CXX_LANGUAGE_STANDARD = "gnu++0x";
				CLANG_CXX_LIBRARY = "libc++";
				CLANG_ENABLE_MODULES = YES;
				CLANG_ENABLE_OBJC_ARC = YES;
				CLANG_WARN_BOOL_CONVERSION = YES;
				CLANG_WARN_CONSTANT_CONVERSION = YES;
				CLANG_WARN_DIRECT_OBJC_ISA_USAGE = YES_ERROR;
				CLANG_WARN_DOCUMENTATION_COMMENTS = YES;
				CLANG_WARN_EMPTY_BODY = YES;
				CLANG_WARN_ENUM_CONVERSION = YES;
				CLANG_WARN_INFINITE_RECURSION = YES;
				CLANG_WARN_INT_CONVERSION = YES;
				CLANG_WARN_OBJC_ROOT_CLASS = YES_ERROR;
				CLANG_WARN_SUSPICIOUS_MOVE = YES;
				CLANG_WARN_UNREACHABLE_CODE = YES;
				CLANG_WARN__DUPLICATE_METHOD_MATCH = YES;
				"CODE_SIGN_IDENTITY[sdk=iphoneos*]" = "iPhone Developer";
				COPY_PHASE_STRIP = NO;
				DEBUG_INFORMATION_FORMAT = dwarf;
				ENABLE_STRICT_OBJC_MSGSEND = YES;
				ENABLE_TESTABILITY = YES;
				GCC_C_LANGUAGE_STANDARD = gnu99;
				GCC_DYNAMIC_NO_PIC = NO;
				GCC_NO_COMMON_BLOCKS = YES;
				GCC_OPTIMIZATION_LEVEL = 0;
				GCC_PREPROCESSOR_DEFINITIONS = (
					"DEBUG=1",
					"$(inherited)",
				);
				GCC_WARN_64_TO_32_BIT_CONVERSION = YES;
				GCC_WARN_ABOUT_RETURN_TYPE = YES_ERROR;
				GCC_WARN_UNDECLARED_SELECTOR = YES;
				GCC_WARN_UNINITIALIZED_AUTOS = YES_AGGRESSIVE;
				GCC_WARN_UNUSED_FUNCTION = YES;
				GCC_WARN_UNUSED_VARIABLE = YES;
				IPHONEOS_DEPLOYMENT_TARGET = 10.3;
				MTL_ENABLE_DEBUG_INFO = YES;
				ONLY_ACTIVE_ARCH = YES;
				SDKROOT = iphoneos;
				SWIFT_ACTIVE_COMPILATION_CONDITIONS = DEBUG;
				SWIFT_OPTIMIZATION_LEVEL = "-Onone";
			};
			name = Debug;
		};
		3B49B7311EC5F62100DA1635 /* Release */ = {
			isa = XCBuildConfiguration;
			buildSettings = {
				ALWAYS_SEARCH_USER_PATHS = NO;
				CLANG_ANALYZER_NONNULL = YES;
				CLANG_ANALYZER_NUMBER_OBJECT_CONVERSION = YES_AGGRESSIVE;
				CLANG_CXX_LANGUAGE_STANDARD = "gnu++0x";
				CLANG_CXX_LIBRARY = "libc++";
				CLANG_ENABLE_MODULES = YES;
				CLANG_ENABLE_OBJC_ARC = YES;
				CLANG_WARN_BOOL_CONVERSION = YES;
				CLANG_WARN_CONSTANT_CONVERSION = YES;
				CLANG_WARN_DIRECT_OBJC_ISA_USAGE = YES_ERROR;
				CLANG_WARN_DOCUMENTATION_COMMENTS = YES;
				CLANG_WARN_EMPTY_BODY = YES;
				CLANG_WARN_ENUM_CONVERSION = YES;
				CLANG_WARN_INFINITE_RECURSION = YES;
				CLANG_WARN_INT_CONVERSION = YES;
				CLANG_WARN_OBJC_ROOT_CLASS = YES_ERROR;
				CLANG_WARN_SUSPICIOUS_MOVE = YES;
				CLANG_WARN_UNREACHABLE_CODE = YES;
				CLANG_WARN__DUPLICATE_METHOD_MATCH = YES;
				"CODE_SIGN_IDENTITY[sdk=iphoneos*]" = "iPhone Developer";
				COPY_PHASE_STRIP = NO;
				DEBUG_INFORMATION_FORMAT = "dwarf-with-dsym";
				ENABLE_NS_ASSERTIONS = NO;
				ENABLE_STRICT_OBJC_MSGSEND = YES;
				GCC_C_LANGUAGE_STANDARD = gnu99;
				GCC_NO_COMMON_BLOCKS = YES;
				GCC_WARN_64_TO_32_BIT_CONVERSION = YES;
				GCC_WARN_ABOUT_RETURN_TYPE = YES_ERROR;
				GCC_WARN_UNDECLARED_SELECTOR = YES;
				GCC_WARN_UNINITIALIZED_AUTOS = YES_AGGRESSIVE;
				GCC_WARN_UNUSED_FUNCTION = YES;
				GCC_WARN_UNUSED_VARIABLE = YES;
				IPHONEOS_DEPLOYMENT_TARGET = 10.3;
				MTL_ENABLE_DEBUG_INFO = NO;
				SDKROOT = iphoneos;
				SWIFT_OPTIMIZATION_LEVEL = "-Owholemodule";
				VALIDATE_PRODUCT = YES;
			};
			name = Release;
		};
		3B49B7331EC5F62200DA1635 /* Debug */ = {
			isa = XCBuildConfiguration;
			buildSettings = {
				ASSETCATALOG_COMPILER_APPICON_NAME = AppIcon;
				DEVELOPMENT_TEAM = 53BVK9ETZD;
				INFOPLIST_FILE = 3DTouchQuickAction/Info.plist;
				LD_RUNPATH_SEARCH_PATHS = "$(inherited) @executable_path/Frameworks";
				PRODUCT_BUNDLE_IDENTIFIER = "com.nimomeng.and.his.friends.-DTouchQuickAction";
				PRODUCT_NAME = "$(TARGET_NAME)";
				SWIFT_VERSION = 4.0;
			};
			name = Debug;
		};
		3B49B7341EC5F62200DA1635 /* Release */ = {
			isa = XCBuildConfiguration;
			buildSettings = {
				ASSETCATALOG_COMPILER_APPICON_NAME = AppIcon;
				DEVELOPMENT_TEAM = 53BVK9ETZD;
				INFOPLIST_FILE = 3DTouchQuickAction/Info.plist;
				LD_RUNPATH_SEARCH_PATHS = "$(inherited) @executable_path/Frameworks";
				PRODUCT_BUNDLE_IDENTIFIER = "com.nimomeng.and.his.friends.-DTouchQuickAction";
				PRODUCT_NAME = "$(TARGET_NAME)";
				SWIFT_VERSION = 4.0;
			};
			name = Release;
		};
/* End XCBuildConfiguration section */

/* Begin XCConfigurationList section */
		3B49B71B1EC5F62100DA1635 /* Build configuration list for PBXProject "3DTouchQuickAction" */ = {
			isa = XCConfigurationList;
			buildConfigurations = (
				3B49B7301EC5F62100DA1635 /* Debug */,
				3B49B7311EC5F62100DA1635 /* Release */,
			);
			defaultConfigurationIsVisible = 0;
			defaultConfigurationName = Release;
		};
		3B49B7321EC5F62200DA1635 /* Build configuration list for PBXNativeTarget "3DTouchQuickAction" */ = {
			isa = XCConfigurationList;
			buildConfigurations = (
				3B49B7331EC5F62200DA1635 /* Debug */,
				3B49B7341EC5F62200DA1635 /* Release */,
			);
			defaultConfigurationIsVisible = 0;
			defaultConfigurationName = Release;
		};
/* End XCConfigurationList section */
	};
	rootObject = 3B49B7181EC5F62100DA1635 /* Project object */;
}
