// !$*UTF8*$!
{
	archiveVersion = 1;
	classes = {
	};
	objectVersion = 46;
	objects = {

/* Begin PBXBuildFile section */
		3BDFC4911EC9DEE300FCFC6E /* AppDelegate.swift in Sources */ = {isa = PBXBuildFile; fileRef = 3BDFC4901EC9DEE300FCFC6E /* AppDelegate.swift */; };
		3BDFC4931EC9DEE300FCFC6E /* ViewController.swift in Sources */ = {isa = PBXBuildFile; fileRef = 3BDFC4921EC9DEE300FCFC6E /* ViewController.swift */; };
		3BDFC4961EC9DEE300FCFC6E /* Main.storyboard in Resources */ = {isa = PBXBuildFile; fileRef = 3BDFC4941EC9DEE300FCFC6E /* Main.storyboard */; };
		3BDFC4981EC9DEE300FCFC6E /* Assets.xcassets in Resources */ = {isa = PBXBuildFile; fileRef = 3BDFC4971EC9DEE300FCFC6E /* Assets.xcassets */; };
		3BDFC49B1EC9DEE300FCFC6E /* LaunchScreen.storyboard in Resources */ = {isa = PBXBuildFile; fileRef = 3BDFC4991EC9DEE300FCFC6E /* LaunchScreen.storyboard */; };
		3BDFC4A31EC9DF2B00FCFC6E /* CustomPushTransition.swift in Sources */ = {isa = PBXBuildFile; fileRef = 3BDFC4A21EC9DF2B00FCFC6E /* CustomPushTransition.swift */; };
		3BDFC4A71EC9E27400FCFC6E /* CustomCollectionViewCell.swift in Sources */ = {isa = PBXBuildFile; fileRef = 3BDFC4A61EC9E27400FCFC6E /* CustomCollectionViewCell.swift */; };
		3BDFC4A91EC9E2E800FCFC6E /* CustomCollectionViewCellModel.swift in Sources */ = {isa = PBXBuildFile; fileRef = 3BDFC4A81EC9E2E800FCFC6E /* CustomCollectionViewCellModel.swift */; };
		3BDFC4AD1EC9E73D00FCFC6E /* DetailViewController.swift in Sources */ = {isa = PBXBuildFile; fileRef = 3BDFC4AC1EC9E73D00FCFC6E /* DetailViewController.swift */; };
		3BDFC4AF1EC9E7BF00FCFC6E /* CustomPopTransition.swift in Sources */ = {isa = PBXBuildFile; fileRef = 3BDFC4AE1EC9E7BF00FCFC6E /* CustomPopTransition.swift */; };
/* End PBXBuildFile section */

/* Begin PBXFileReference section */
		3BDFC48D1EC9DEE300FCFC6E /* CustomTransition.app */ = {isa = PBXFileReference; explicitFileType = wrapper.application; includeInIndex = 0; path = CustomTransition.app; sourceTree = BUILT_PRODUCTS_DIR; };
		3BDFC4901EC9DEE300FCFC6E /* AppDelegate.swift */ = {isa = PBXFileReference; lastKnownFileType = sourcecode.swift; path = AppDelegate.swift; sourceTree = "<group>"; };
		3BDFC4921EC9DEE300FCFC6E /* ViewController.swift */ = {isa = PBXFileReference; lastKnownFileType = sourcecode.swift; path = ViewController.swift; sourceTree = "<group>"; };
		3BDFC4951EC9DEE300FCFC6E /* Base */ = {isa = PBXFileReference; lastKnownFileType = file.storyboard; name = Base; path = Base.lproj/Main.storyboard; sourceTree = "<group>"; };
		3BDFC4971EC9DEE300FCFC6E /* Assets.xcassets */ = {isa = PBXFileReference; lastKnownFileType = folder.assetcatalog; path = Assets.xcassets; sourceTree = "<group>"; };
		3BDFC49A1EC9DEE300FCFC6E /* Base */ = {isa = PBXFileReference; lastKnownFileType = file.storyboard; name = Base; path = Base.lproj/LaunchScreen.storyboard; sourceTree = "<group>"; };
		3BDFC49C1EC9DEE300FCFC6E /* Info.plist */ = {isa = PBXFileReference; lastKnownFileType = text.plist.xml; path = Info.plist; sourceTree = "<group>"; };
		3BDFC4A21EC9DF2B00FCFC6E /* CustomPushTransition.swift */ = {isa = PBXFileReference; fileEncoding = 4; lastKnownFileType = sourcecode.swift; path = CustomPushTransition.swift; sourceTree = "<group>"; };
		3BDFC4A61EC9E27400FCFC6E /* CustomCollectionViewCell.swift */ = {isa = PBXFileReference; fileEncoding = 4; lastKnownFileType = sourcecode.swift; path = CustomCollectionViewCell.swift; sourceTree = "<group>"; };
		3BDFC4A81EC9E2E800FCFC6E /* CustomCollectionViewCellModel.swift */ = {isa = PBXFileReference; fileEncoding = 4; lastKnownFileType = sourcecode.swift; path = CustomCollectionViewCellModel.swift; sourceTree = "<group>"; };
		3BDFC4AC1EC9E73D00FCFC6E /* DetailViewController.swift */ = {isa = PBXFileReference; fileEncoding = 4; lastKnownFileType = sourcecode.swift; path = DetailViewController.swift; sourceTree = "<group>"; };
		3BDFC4AE1EC9E7BF00FCFC6E /* CustomPopTransition.swift */ = {isa = PBXFileReference; fileEncoding = 4; lastKnownFileType = sourcecode.swift; path = CustomPopTransition.swift; sourceTree = "<group>"; };
/* End PBXFileReference section */

/* Begin PBXFrameworksBuildPhase section */
		3BDFC48A1EC9DEE300FCFC6E /* Frameworks */ = {
			isa = PBXFrameworksBuildPhase;
			buildActionMask = 2147483647;
			files = (
			);
			runOnlyForDeploymentPostprocessing = 0;
		};
/* End PBXFrameworksBuildPhase section */

/* Begin PBXGroup section */
		3BDFC4841EC9DEE300FCFC6E = {
			isa = PBXGroup;
			children = (
				3BDFC48F1EC9DEE300FCFC6E /* CustomTransition */,
			);
			sourceTree = "<group>";
		};
		3BDFC48E1EC9DEE300FCFC6E /* Products */ = {
			isa = PBXGroup;
			children = (
				3BDFC48D1EC9DEE300FCFC6E /* CustomTransition.app */,
			);
			name = Products;
			path = ..;
			sourceTree = "<group>";
		};
		3BDFC48F1EC9DEE300FCFC6E /* CustomTransition */ = {
			isa = PBXGroup;
			children = (
				3BDFC4901EC9DEE300FCFC6E /* AppDelegate.swift */,
				3BDFC4B11EC9E7E100FCFC6E /* FirstViewController */,
				3BDFC4B21EC9E7F000FCFC6E /* SecondViewController */,
				3BDFC4B01EC9E7C400FCFC6E /* Transition */,
				3BDFC4941EC9DEE300FCFC6E /* Main.storyboard */,
				3BDFC4971EC9DEE300FCFC6E /* Assets.xcassets */,
				3BDFC4991EC9DEE300FCFC6E /* LaunchScreen.storyboard */,
				3BDFC49C1EC9DEE300FCFC6E /* Info.plist */,
				3BDFC48E1EC9DEE300FCFC6E /* Products */,
			);
			path = CustomTransition;
			sourceTree = "<group>";
		};
		3BDFC4B01EC9E7C400FCFC6E /* Transition */ = {
			isa = PBXGroup;
			children = (
				3BDFC4A21EC9DF2B00FCFC6E /* CustomPushTransition.swift */,
				3BDFC4AE1EC9E7BF00FCFC6E /* CustomPopTransition.swift */,
			);
			name = Transition;
			sourceTree = "<group>";
		};
		3BDFC4B11EC9E7E100FCFC6E /* FirstViewController */ = {
			isa = PBXGroup;
			children = (
				3BDFC4921EC9DEE300FCFC6E /* ViewController.swift */,
				3BDFC4A81EC9E2E800FCFC6E /* CustomCollectionViewCellModel.swift */,
				3BDFC4A61EC9E27400FCFC6E /* CustomCollectionViewCell.swift */,
			);
			name = FirstViewController;
			sourceTree = "<group>";
		};
		3BDFC4B21EC9E7F000FCFC6E /* SecondViewController */ = {
			isa = PBXGroup;
			children = (
				3BDFC4AC1EC9E73D00FCFC6E /* DetailViewController.swift */,
			);
			name = SecondViewController;
			sourceTree = "<group>";
		};
/* End PBXGroup section */

/* Begin PBXNativeTarget section */
		3BDFC48C1EC9DEE300FCFC6E /* CustomTransition */ = {
			isa = PBXNativeTarget;
			buildConfigurationList = 3BDFC49F1EC9DEE300FCFC6E /* Build configuration list for PBXNativeTarget "CustomTransition" */;
			buildPhases = (
				3BDFC4891EC9DEE300FCFC6E /* Sources */,
				3BDFC48A1EC9DEE300FCFC6E /* Frameworks */,
				3BDFC48B1EC9DEE300FCFC6E /* Resources */,
			);
			buildRules = (
			);
			dependencies = (
			);
			name = CustomTransition;
			productName = CustomTransition;
			productReference = 3BDFC48D1EC9DEE300FCFC6E /* CustomTransition.app */;
			productType = "com.apple.product-type.application";
		};
/* End PBXNativeTarget section */

/* Begin PBXProject section */
		3BDFC4851EC9DEE300FCFC6E /* Project object */ = {
			isa = PBXProject;
			attributes = {
				LastSwiftUpdateCheck = 0830;
				LastUpgradeCheck = 0830;
				ORGANIZATIONNAME = nimoAndHisFriends;
				TargetAttributes = {
					3BDFC48C1EC9DEE300FCFC6E = {
						CreatedOnToolsVersion = 8.3.2;
						DevelopmentTeam = 53BVK9ETZD;
						ProvisioningStyle = Automatic;
					};
				};
			};
			buildConfigurationList = 3BDFC4881EC9DEE300FCFC6E /* Build configuration list for PBXProject "CustomTransition" */;
			compatibilityVersion = "Xcode 3.2";
			developmentRegion = English;
			hasScannedForEncodings = 0;
			knownRegions = (
				en,
				Base,
			);
			mainGroup = 3BDFC4841EC9DEE300FCFC6E;
			productRefGroup = 3BDFC48E1EC9DEE300FCFC6E /* Products */;
			projectDirPath = "";
			projectRoot = "";
			targets = (
				3BDFC48C1EC9DEE300FCFC6E /* CustomTransition */,
			);
		};
/* End PBXProject section */

/* Begin PBXResourcesBuildPhase section */
		3BDFC48B1EC9DEE300FCFC6E /* Resources */ = {
			isa = PBXResourcesBuildPhase;
			buildActionMask = 2147483647;
			files = (
				3BDFC49B1EC9DEE300FCFC6E /* LaunchScreen.storyboard in Resources */,
				3BDFC4981EC9DEE300FCFC6E /* Assets.xcassets in Resources */,
				3BDFC4961EC9DEE300FCFC6E /* Main.storyboard in Resources */,
			);
			runOnlyForDeploymentPostprocessing = 0;
		};
/* End PBXResourcesBuildPhase section */

/* Begin PBXSourcesBuildPhase section */
		3BDFC4891EC9DEE300FCFC6E /* Sources */ = {
			isa = PBXSourcesBuildPhase;
			buildActionMask = 2147483647;
			files = (
				3BDFC4A91EC9E2E800FCFC6E /* CustomCollectionViewCellModel.swift in Sources */,
				3BDFC4A71EC9E27400FCFC6E /* CustomCollectionViewCell.swift in Sources */,
				3BDFC4931EC9DEE300FCFC6E /* ViewController.swift in Sources */,
				3BDFC4AD1EC9E73D00FCFC6E /* DetailViewController.swift in Sources */,
				3BDFC4AF1EC9E7BF00FCFC6E /* CustomPopTransition.swift in Sources */,
				3BDFC4A31EC9DF2B00FCFC6E /* CustomPushTransition.swift in Sources */,
				3BDFC4911EC9DEE300FCFC6E /* AppDelegate.swift in Sources */,
			);
			runOnlyForDeploymentPostprocessing = 0;
		};
/* End PBXSourcesBuildPhase section */

/* Begin PBXVariantGroup section */
		3BDFC4941EC9DEE300FCFC6E /* Main.storyboard */ = {
			isa = PBXVariantGroup;
			children = (
				3BDFC4951EC9DEE300FCFC6E /* Base */,
			);
			name = Main.storyboard;
			sourceTree = "<group>";
		};
		3BDFC4991EC9DEE300FCFC6E /* LaunchScreen.storyboard */ = {
			isa = PBXVariantGroup;
			children = (
				3BDFC49A1EC9DEE300FCFC6E /* Base */,
			);
			name = LaunchScreen.storyboard;
			sourceTree = "<group>";
		};
/* End PBXVariantGroup section */

/* Begin XCBuildConfiguration section */
		3BDFC49D1EC9DEE300FCFC6E /* Debug */ = {
			isa = XCBuildConfiguration;
			buildSettings = {
				ALWAYS_SEARCH_USER_PATHS = NO;
				CLANG_ANALYZER_NONNULL = YES;
				CLANG_ANALYZER_NUMBER_OBJECT_CONVERSION = YES_AGGRESSIVE;
				CLANG_CXX_LANGUAGE_STANDARD = "gnu++0x";
				CLANG_CXX_LIBRARY = "libc++";
				CLANG_ENABLE_MODULES = YES;
				CLANG_ENABLE_OBJC_ARC = YES;
				CLANG_WARN_BOOL_CONVERSION = YES;
				CLANG_WARN_CONSTANT_CONVERSION = YES;
				CLANG_WARN_DIRECT_OBJC_ISA_USAGE = YES_ERROR;
				CLANG_WARN_DOCUMENTATION_COMMENTS = YES;
				CLANG_WARN_EMPTY_BODY = YES;
				CLANG_WARN_ENUM_CONVERSION = YES;
				CLANG_WARN_INFINITE_RECURSION = YES;
				CLANG_WARN_INT_CONVERSION = YES;
				CLANG_WARN_OBJC_ROOT_CLASS = YES_ERROR;
				CLANG_WARN_SUSPICIOUS_MOVE = YES;
				CLANG_WARN_UNREACHABLE_CODE = YES;
				CLANG_WARN__DUPLICATE_METHOD_MATCH = YES;
				"CODE_SIGN_IDENTITY[sdk=iphoneos*]" = "iPhone Developer";
				COPY_PHASE_STRIP = NO;
				DEBUG_INFORMATION_FORMAT = dwarf;
				ENABLE_STRICT_OBJC_MSGSEND = YES;
				ENABLE_TESTABILITY = YES;
				GCC_C_LANGUAGE_STANDARD = gnu99;
				GCC_DYNAMIC_NO_PIC = NO;
				GCC_NO_COMMON_BLOCKS = YES;
				GCC_OPTIMIZATION_LEVEL = 0;
				GCC_PREPROCESSOR_DEFINITIONS = (
					"DEBUG=1",
					"$(inherited)",
				);
				GCC_WARN_64_TO_32_BIT_CONVERSION = YES;
				GCC_WARN_ABOUT_RETURN_TYPE = YES_ERROR;
				GCC_WARN_UNDECLARED_SELECTOR = YES;
				GCC_WARN_UNINITIALIZED_AUTOS = YES_AGGRESSIVE;
				GCC_WARN_UNUSED_FUNCTION = YES;
				GCC_WARN_UNUSED_VARIABLE = YES;
				IPHONEOS_DEPLOYMENT_TARGET = 10.3;
				MTL_ENABLE_DEBUG_INFO = YES;
				ONLY_ACTIVE_ARCH = YES;
				SDKROOT = iphoneos;
				SWIFT_ACTIVE_COMPILATION_CONDITIONS = DEBUG;
				SWIFT_OPTIMIZATION_LEVEL = "-Onone";
			};
			name = Debug;
		};
		3BDFC49E1EC9DEE300FCFC6E /* Release */ = {
			isa = XCBuildConfiguration;
			buildSettings = {
				ALWAYS_SEARCH_USER_PATHS = NO;
				CLANG_ANALYZER_NONNULL = YES;
				CLANG_ANALYZER_NUMBER_OBJECT_CONVERSION = YES_AGGRESSIVE;
				CLANG_CXX_LANGUAGE_STANDARD = "gnu++0x";
				CLANG_CXX_LIBRARY = "libc++";
				CLANG_ENABLE_MODULES = YES;
				CLANG_ENABLE_OBJC_ARC = YES;
				CLANG_WARN_BOOL_CONVERSION = YES;
				CLANG_WARN_CONSTANT_CONVERSION = YES;
				CLANG_WARN_DIRECT_OBJC_ISA_USAGE = YES_ERROR;
				CLANG_WARN_DOCUMENTATION_COMMENTS = YES;
				CLANG_WARN_EMPTY_BODY = YES;
				CLANG_WARN_ENUM_CONVERSION = YES;
				CLANG_WARN_INFINITE_RECURSION = YES;
				CLANG_WARN_INT_CONVERSION = YES;
				CLANG_WARN_OBJC_ROOT_CLASS = YES_ERROR;
				CLANG_WARN_SUSPICIOUS_MOVE = YES;
				CLANG_WARN_UNREACHABLE_CODE = YES;
				CLANG_WARN__DUPLICATE_METHOD_MATCH = YES;
				"CODE_SIGN_IDENTITY[sdk=iphoneos*]" = "iPhone Developer";
				COPY_PHASE_STRIP = NO;
				DEBUG_INFORMATION_FORMAT = "dwarf-with-dsym";
				ENABLE_NS_ASSERTIONS = NO;
				ENABLE_STRICT_OBJC_MSGSEND = YES;
				GCC_C_LANGUAGE_STANDARD = gnu99;
				GCC_NO_COMMON_BLOCKS = YES;
				GCC_WARN_64_TO_32_BIT_CONVERSION = YES;
				GCC_WARN_ABOUT_RETURN_TYPE = YES_ERROR;
				GCC_WARN_UNDECLARED_SELECTOR = YES;
				GCC_WARN_UNINITIALIZED_AUTOS = YES_AGGRESSIVE;
				GCC_WARN_UNUSED_FUNCTION = YES;
				GCC_WARN_UNUSED_VARIABLE = YES;
				IPHONEOS_DEPLOYMENT_TARGET = 10.3;
				MTL_ENABLE_DEBUG_INFO = NO;
				SDKROOT = iphoneos;
				SWIFT_OPTIMIZATION_LEVEL = "-Owholemodule";
				VALIDATE_PRODUCT = YES;
			};
			name = Release;
		};
		3BDFC4A01EC9DEE300FCFC6E /* Debug */ = {
			isa = XCBuildConfiguration;
			buildSettings = {
				ASSETCATALOG_COMPILER_APPICON_NAME = AppIcon;
				DEVELOPMENT_TEAM = 53BVK9ETZD;
				INFOPLIST_FILE = CustomTransition/Info.plist;
				LD_RUNPATH_SEARCH_PATHS = "$(inherited) @executable_path/Frameworks";
				PRODUCT_BUNDLE_IDENTIFIER = com.nimomeng.and.his.friends.CustomTransition;
				PRODUCT_NAME = "$(TARGET_NAME)";
				SWIFT_VERSION = 3.0;
			};
			name = Debug;
		};
		3BDFC4A11EC9DEE300FCFC6E /* Release */ = {
			isa = XCBuildConfiguration;
			buildSettings = {
				ASSETCATALOG_COMPILER_APPICON_NAME = AppIcon;
				DEVELOPMENT_TEAM = 53BVK9ETZD;
				INFOPLIST_FILE = CustomTransition/Info.plist;
				LD_RUNPATH_SEARCH_PATHS = "$(inherited) @executable_path/Frameworks";
				PRODUCT_BUNDLE_IDENTIFIER = com.nimomeng.and.his.friends.CustomTransition;
				PRODUCT_NAME = "$(TARGET_NAME)";
				SWIFT_VERSION = 3.0;
			};
			name = Release;
		};
/* End XCBuildConfiguration section */

/* Begin XCConfigurationList section */
		3BDFC4881EC9DEE300FCFC6E /* Build configuration list for PBXProject "CustomTransition" */ = {
			isa = XCConfigurationList;
			buildConfigurations = (
				3BDFC49D1EC9DEE300FCFC6E /* Debug */,
				3BDFC49E1EC9DEE300FCFC6E /* Release */,
			);
			defaultConfigurationIsVisible = 0;
			defaultConfigurationName = Release;
		};
		3BDFC49F1EC9DEE300FCFC6E /* Build configuration list for PBXNativeTarget "CustomTransition" */ = {
			isa = XCConfigurationList;
			buildConfigurations = (
				3BDFC4A01EC9DEE300FCFC6E /* Debug */,
				3BDFC4A11EC9DEE300FCFC6E /* Release */,
			);
			defaultConfigurationIsVisible = 0;
		};
/* End XCConfigurationList section */
	};
	rootObject = 3BDFC4851EC9DEE300FCFC6E /* Project object */;
}
