// !$*UTF8*$!
{
	archiveVersion = 1;
	classes = {
	};
	objectVersion = 46;
	objects = {

/* Begin PBXBuildFile section */
		09247ED4F4FFCA1A41C0CFF3 /* Pods_WatchDemo.framework in Frameworks */ = {isa = PBXBuildFile; fileRef = FFD8ADD46E9252717171166E /* Pods_WatchDemo.framework */; };
		3B49C2D71ECDE28600455E07 /* NotificationCenter.framework in Frameworks */ = {isa = PBXBuildFile; fileRef = 3B49C2D61ECDE28600455E07 /* NotificationCenter.framework */; };
		3B49C2DA1ECDE28600455E07 /* TodayViewController.swift in Sources */ = {isa = PBXBuildFile; fileRef = 3B49C2D91ECDE28600455E07 /* TodayViewController.swift */; };
		3B49C2DD1ECDE28600455E07 /* MainInterface.storyboard in Resources */ = {isa = PBXBuildFile; fileRef = 3B49C2DB1ECDE28600455E07 /* MainInterface.storyboard */; };
		3B49C2E11ECDE28600455E07 /* WatchTodayExtension.appex in Embed App Extensions */ = {isa = PBXBuildFile; fileRef = 3B49C2D51ECDE28600455E07 /* WatchTodayExtension.appex */; settings = {ATTRIBUTES = (RemoveHeadersOnCopy, ); }; };
		3BDF60B11E7978780063C611 /* AppDelegate.swift in Sources */ = {isa = PBXBuildFile; fileRef = 3BDF60B01E7978780063C611 /* AppDelegate.swift */; };
		3BDF60B31E7978780063C611 /* ViewController.swift in Sources */ = {isa = PBXBuildFile; fileRef = 3BDF60B21E7978780063C611 /* ViewController.swift */; };
		3BDF60B61E7978780063C611 /* Main.storyboard in Resources */ = {isa = PBXBuildFile; fileRef = 3BDF60B41E7978780063C611 /* Main.storyboard */; };
		3BDF60B81E7978780063C611 /* Assets.xcassets in Resources */ = {isa = PBXBuildFile; fileRef = 3BDF60B71E7978780063C611 /* Assets.xcassets */; };
		3BDF60BB1E7978780063C611 /* LaunchScreen.storyboard in Resources */ = {isa = PBXBuildFile; fileRef = 3BDF60B91E7978780063C611 /* LaunchScreen.storyboard */; };
/* End PBXBuildFile section */

/* Begin PBXContainerItemProxy section */
		3B49C2DF1ECDE28600455E07 /* PBXContainerItemProxy */ = {
			isa = PBXContainerItemProxy;
			containerPortal = 3BDF60A51E7978780063C611 /* Project object */;
			proxyType = 1;
			remoteGlobalIDString = 3B49C2D41ECDE28600455E07;
			remoteInfo = WatchTodayExtension;
		};
/* End PBXContainerItemProxy section */

/* Begin PBXCopyFilesBuildPhase section */
		3B49C2E51ECDE28600455E07 /* Embed App Extensions */ = {
			isa = PBXCopyFilesBuildPhase;
			buildActionMask = 2147483647;
			dstPath = "";
			dstSubfolderSpec = 13;
			files = (
				3B49C2E11ECDE28600455E07 /* WatchTodayExtension.appex in Embed App Extensions */,
			);
			name = "Embed App Extensions";
			runOnlyForDeploymentPostprocessing = 0;
		};
/* End PBXCopyFilesBuildPhase section */

/* Begin PBXFileReference section */
		1F0CBBDBC7FE284BDCEF12F5 /* Pods-WatchDemo.release.xcconfig */ = {isa = PBXFileReference; includeInIndex = 1; lastKnownFileType = text.xcconfig; name = "Pods-WatchDemo.release.xcconfig"; path = "Target Support Files/Pods-WatchDemo/Pods-WatchDemo.release.xcconfig"; sourceTree = "<group>"; };
		3B49C2D51ECDE28600455E07 /* WatchTodayExtension.appex */ = {isa = PBXFileReference; explicitFileType = "wrapper.app-extension"; includeInIndex = 0; path = WatchTodayExtension.appex; sourceTree = BUILT_PRODUCTS_DIR; };
		3B49C2D61ECDE28600455E07 /* NotificationCenter.framework */ = {isa = PBXFileReference; lastKnownFileType = wrapper.framework; name = NotificationCenter.framework; path = System/Library/Frameworks/NotificationCenter.framework; sourceTree = SDKROOT; };
		3B49C2D91ECDE28600455E07 /* TodayViewController.swift */ = {isa = PBXFileReference; lastKnownFileType = sourcecode.swift; path = TodayViewController.swift; sourceTree = "<group>"; };
		3B49C2DC1ECDE28600455E07 /* Base */ = {isa = PBXFileReference; lastKnownFileType = file.storyboard; name = Base; path = Base.lproj/MainInterface.storyboard; sourceTree = "<group>"; };
		3B49C2DE1ECDE28600455E07 /* Info.plist */ = {isa = PBXFileReference; lastKnownFileType = text.plist.xml; path = Info.plist; sourceTree = "<group>"; };
		3B49C2E61ECDE4D300455E07 /* WatchDemo.entitlements */ = {isa = PBXFileReference; lastKnownFileType = text.plist.entitlements; path = WatchDemo.entitlements; sourceTree = "<group>"; };
		3B49C2E71ECDE57B00455E07 /* WatchTodayExtension.entitlements */ = {isa = PBXFileReference; lastKnownFileType = text.plist.entitlements; path = WatchTodayExtension.entitlements; sourceTree = "<group>"; };
		3BDF60AD1E7978780063C611 /* WatchDemo.app */ = {isa = PBXFileReference; explicitFileType = wrapper.application; includeInIndex = 0; path = WatchDemo.app; sourceTree = BUILT_PRODUCTS_DIR; };
		3BDF60B01E7978780063C611 /* AppDelegate.swift */ = {isa = PBXFileReference; lastKnownFileType = sourcecode.swift; path = AppDelegate.swift; sourceTree = "<group>"; };
		3BDF60B21E7978780063C611 /* ViewController.swift */ = {isa = PBXFileReference; lastKnownFileType = sourcecode.swift; path = ViewController.swift; sourceTree = "<group>"; };
		3BDF60B51E7978780063C611 /* Base */ = {isa = PBXFileReference; lastKnownFileType = file.storyboard; name = Base; path = Base.lproj/Main.storyboard; sourceTree = "<group>"; };
		3BDF60B71E7978780063C611 /* Assets.xcassets */ = {isa = PBXFileReference; lastKnownFileType = folder.assetcatalog; path = Assets.xcassets; sourceTree = "<group>"; };
		3BDF60BA1E7978780063C611 /* Base */ = {isa = PBXFileReference; lastKnownFileType = file.storyboard; name = Base; path = Base.lproj/LaunchScreen.storyboard; sourceTree = "<group>"; };
		3BDF60BC1E7978780063C611 /* Info.plist */ = {isa = PBXFileReference; lastKnownFileType = text.plist.xml; path = Info.plist; sourceTree = "<group>"; };
		A7A72823C134EEA0AC282B39 /* Pods-WatchDemo.debug.xcconfig */ = {isa = PBXFileReference; includeInIndex = 1; lastKnownFileType = text.xcconfig; name = "Pods-WatchDemo.debug.xcconfig"; path = "Target Support Files/Pods-WatchDemo/Pods-WatchDemo.debug.xcconfig"; sourceTree = "<group>"; };
		FFD8ADD46E9252717171166E /* Pods_WatchDemo.framework */ = {isa = PBXFileReference; explicitFileType = wrapper.framework; includeInIndex = 0; path = Pods_WatchDemo.framework; sourceTree = BUILT_PRODUCTS_DIR; };
/* End PBXFileReference section */

/* Begin PBXFrameworksBuildPhase section */
		3B49C2D21ECDE28600455E07 /* Frameworks */ = {
			isa = PBXFrameworksBuildPhase;
			buildActionMask = 2147483647;
			files = (
				3B49C2D71ECDE28600455E07 /* NotificationCenter.framework in Frameworks */,
			);
			runOnlyForDeploymentPostprocessing = 0;
		};
		3BDF60AA1E7978780063C611 /* Frameworks */ = {
			isa = PBXFrameworksBuildPhase;
			buildActionMask = 2147483647;
			files = (
				09247ED4F4FFCA1A41C0CFF3 /* Pods_WatchDemo.framework in Frameworks */,
			);
			runOnlyForDeploymentPostprocessing = 0;
		};
/* End PBXFrameworksBuildPhase section */

/* Begin PBXGroup section */
		3B49C2D81ECDE28600455E07 /* WatchTodayExtension */ = {
			isa = PBXGroup;
			children = (
				3B49C2E71ECDE57B00455E07 /* WatchTodayExtension.entitlements */,
				3B49C2D91ECDE28600455E07 /* TodayViewController.swift */,
				3B49C2DB1ECDE28600455E07 /* MainInterface.storyboard */,
				3B49C2DE1ECDE28600455E07 /* Info.plist */,
			);
			path = WatchTodayExtension;
			sourceTree = "<group>";
		};
		3BDF60A41E7978770063C611 = {
			isa = PBXGroup;
			children = (
				3BDF60AF1E7978780063C611 /* WatchDemo */,
				3B49C2D81ECDE28600455E07 /* WatchTodayExtension */,
				3BDF60AE1E7978780063C611 /* Products */,
				C29D64B2A4048CBE969FDEA5 /* Frameworks */,
				CA60B3FEDD6876014FB78E39 /* Pods */,
			);
			sourceTree = "<group>";
		};
		3BDF60AE1E7978780063C611 /* Products */ = {
			isa = PBXGroup;
			children = (
				3BDF60AD1E7978780063C611 /* WatchDemo.app */,
				3B49C2D51ECDE28600455E07 /* WatchTodayExtension.appex */,
			);
			name = Products;
			sourceTree = "<group>";
		};
		3BDF60AF1E7978780063C611 /* WatchDemo */ = {
			isa = PBXGroup;
			children = (
				3B49C2E61ECDE4D300455E07 /* WatchDemo.entitlements */,
				3BDF60B01E7978780063C611 /* AppDelegate.swift */,
				3BDF60B21E7978780063C611 /* ViewController.swift */,
				3BDF60B41E7978780063C611 /* Main.storyboard */,
				3BDF60B71E7978780063C611 /* Assets.xcassets */,
				3BDF60B91E7978780063C611 /* LaunchScreen.storyboard */,
				3BDF60BC1E7978780063C611 /* Info.plist */,
			);
			path = WatchDemo;
			sourceTree = "<group>";
		};
		C29D64B2A4048CBE969FDEA5 /* Frameworks */ = {
			isa = PBXGroup;
			children = (
				3B49C2D61ECDE28600455E07 /* NotificationCenter.framework */,
				FFD8ADD46E9252717171166E /* Pods_WatchDemo.framework */,
			);
			name = Frameworks;
			sourceTree = "<group>";
		};
		CA60B3FEDD6876014FB78E39 /* Pods */ = {
			isa = PBXGroup;
			children = (
				A7A72823C134EEA0AC282B39 /* Pods-WatchDemo.debug.xcconfig */,
				1F0CBBDBC7FE284BDCEF12F5 /* Pods-WatchDemo.release.xcconfig */,
			);
			path = Pods;
			sourceTree = "<group>";
		};
/* End PBXGroup section */

/* Begin PBXNativeTarget section */
		3B49C2D41ECDE28600455E07 /* WatchTodayExtension */ = {
			isa = PBXNativeTarget;
			buildConfigurationList = 3B49C2E41ECDE28600455E07 /* Build configuration list for PBXNativeTarget "WatchTodayExtension" */;
			buildPhases = (
				3B49C2D11ECDE28600455E07 /* Sources */,
				3B49C2D21ECDE28600455E07 /* Frameworks */,
				3B49C2D31ECDE28600455E07 /* Resources */,
			);
			buildRules = (
			);
			dependencies = (
			);
			name = WatchTodayExtension;
			productName = WatchTodayExtension;
			productReference = 3B49C2D51ECDE28600455E07 /* WatchTodayExtension.appex */;
			productType = "com.apple.product-type.app-extension";
		};
		3BDF60AC1E7978780063C611 /* WatchDemo */ = {
			isa = PBXNativeTarget;
			buildConfigurationList = 3BDF60BF1E7978780063C611 /* Build configuration list for PBXNativeTarget "WatchDemo" */;
			buildPhases = (
				A61D8BB5778FCC94B7976DB5 /* [CP] Check Pods Manifest.lock */,
				3BDF60A91E7978780063C611 /* Sources */,
				3BDF60AA1E7978780063C611 /* Frameworks */,
				3BDF60AB1E7978780063C611 /* Resources */,
				3B49C2E51ECDE28600455E07 /* Embed App Extensions */,
				628AAC83CDE245B5CDCFFC20 /* [CP] Embed Pods Frameworks */,
			);
			buildRules = (
			);
			dependencies = (
				3B49C2E01ECDE28600455E07 /* PBXTargetDependency */,
			);
			name = WatchDemo;
			productName = WatchDemo;
			productReference = 3BDF60AD1E7978780063C611 /* WatchDemo.app */;
			productType = "com.apple.product-type.application";
		};
/* End PBXNativeTarget section */

/* Begin PBXProject section */
		3BDF60A51E7978780063C611 /* Project object */ = {
			isa = PBXProject;
			attributes = {
				LastSwiftUpdateCheck = 0830;
				LastUpgradeCheck = 0820;
				ORGANIZATIONNAME = nimo;
				TargetAttributes = {
					3B49C2D41ECDE28600455E07 = {
						CreatedOnToolsVersion = 8.3.2;
						DevelopmentTeam = 535G834WQ8;
						ProvisioningStyle = Automatic;
						SystemCapabilities = {
							com.apple.ApplicationGroups.iOS = {
								enabled = 1;
							};
						};
					};
					3BDF60AC1E7978780063C611 = {
						CreatedOnToolsVersion = 8.2.1;
						DevelopmentTeam = 535G834WQ8;
						ProvisioningStyle = Automatic;
						SystemCapabilities = {
							com.apple.ApplicationGroups.iOS = {
								enabled = 1;
							};
						};
					};
				};
			};
			buildConfigurationList = 3BDF60A81E7978780063C611 /* Build configuration list for PBXProject "WatchDemo" */;
			compatibilityVersion = "Xcode 3.2";
			developmentRegion = English;
			hasScannedForEncodings = 0;
			knownRegions = (
				English,
				en,
				Base,
			);
			mainGroup = 3BDF60A41E7978770063C611;
			productRefGroup = 3BDF60AE1E7978780063C611 /* Products */;
			projectDirPath = "";
			projectRoot = "";
			targets = (
				3BDF60AC1E7978780063C611 /* WatchDemo */,
				3B49C2D41ECDE28600455E07 /* WatchTodayExtension */,
			);
		};
/* End PBXProject section */

/* Begin PBXResourcesBuildPhase section */
		3B49C2D31ECDE28600455E07 /* Resources */ = {
			isa = PBXResourcesBuildPhase;
			buildActionMask = 2147483647;
			files = (
				3B49C2DD1ECDE28600455E07 /* MainInterface.storyboard in Resources */,
			);
			runOnlyForDeploymentPostprocessing = 0;
		};
		3BDF60AB1E7978780063C611 /* Resources */ = {
			isa = PBXResourcesBuildPhase;
			buildActionMask = 2147483647;
			files = (
				3BDF60BB1E7978780063C611 /* LaunchScreen.storyboard in Resources */,
				3BDF60B81E7978780063C611 /* Assets.xcassets in Resources */,
				3BDF60B61E7978780063C611 /* Main.storyboard in Resources */,
			);
			runOnlyForDeploymentPostprocessing = 0;
		};
/* End PBXResourcesBuildPhase section */

/* Begin PBXShellScriptBuildPhase section */
		628AAC83CDE245B5CDCFFC20 /* [CP] Embed Pods Frameworks */ = {
			isa = PBXShellScriptBuildPhase;
			buildActionMask = 2147483647;
			files = (
			);
			inputPaths = (
				"${PODS_ROOT}/Target Support Files/Pods-WatchDemo/Pods-WatchDemo-frameworks.sh",
				"${BUILT_PRODUCTS_DIR}/SnapKit/SnapKit.framework",
			);
			name = "[CP] Embed Pods Frameworks";
			outputPaths = (
				"${TARGET_BUILD_DIR}/${FRAMEWORKS_FOLDER_PATH}/SnapKit.framework",
			);
			runOnlyForDeploymentPostprocessing = 0;
			shellPath = /bin/sh;
			shellScript = "\"${PODS_ROOT}/Target Support Files/Pods-WatchDemo/Pods-WatchDemo-frameworks.sh\"\n";
			showEnvVarsInLog = 0;
		};
		A61D8BB5778FCC94B7976DB5 /* [CP] Check Pods Manifest.lock */ = {
			isa = PBXShellScriptBuildPhase;
			buildActionMask = 2147483647;
			files = (
			);
			inputFileListPaths = (
			);
			inputPaths = (
				"${PODS_PODFILE_DIR_PATH}/Podfile.lock",
				"${PODS_ROOT}/Manifest.lock",
			);
			name = "[CP] Check Pods Manifest.lock";
			outputFileListPaths = (
			);
			outputPaths = (
				"$(DERIVED_FILE_DIR)/Pods-WatchDemo-checkManifestLockResult.txt",
			);
			runOnlyForDeploymentPostprocessing = 0;
			shellPath = /bin/sh;
			shellScript = "diff \"${PODS_PODFILE_DIR_PATH}/Podfile.lock\" \"${PODS_ROOT}/Manifest.lock\" > /dev/null\nif [ $? != 0 ] ; then\n    # print error to STDERR\n    echo \"error: The sandbox is not in sync with the Podfile.lock. Run 'pod install' or update your CocoaPods installation.\" >&2\n    exit 1\nfi\n# This output is used by Xcode 'outputs' to avoid re-running this script phase.\necho \"SUCCESS\" > \"${SCRIPT_OUTPUT_FILE_0}\"\n";
			showEnvVarsInLog = 0;
		};
/* End PBXShellScriptBuildPhase section */

/* Begin PBXSourcesBuildPhase section */
		3B49C2D11ECDE28600455E07 /* Sources */ = {
			isa = PBXSourcesBuildPhase;
			buildActionMask = 2147483647;
			files = (
				3B49C2DA1ECDE28600455E07 /* TodayViewController.swift in Sources */,
			);
			runOnlyForDeploymentPostprocessing = 0;
		};
		3BDF60A91E7978780063C611 /* Sources */ = {
			isa = PBXSourcesBuildPhase;
			buildActionMask = 2147483647;
			files = (
				3BDF60B31E7978780063C611 /* ViewController.swift in Sources */,
				3BDF60B11E7978780063C611 /* AppDelegate.swift in Sources */,
			);
			runOnlyForDeploymentPostprocessing = 0;
		};
/* End PBXSourcesBuildPhase section */

/* Begin PBXTargetDependency section */
		3B49C2E01ECDE28600455E07 /* PBXTargetDependency */ = {
			isa = PBXTargetDependency;
			target = 3B49C2D41ECDE28600455E07 /* WatchTodayExtension */;
			targetProxy = 3B49C2DF1ECDE28600455E07 /* PBXContainerItemProxy */;
		};
/* End PBXTargetDependency section */

/* Begin PBXVariantGroup section */
		3B49C2DB1ECDE28600455E07 /* MainInterface.storyboard */ = {
			isa = PBXVariantGroup;
			children = (
				3B49C2DC1ECDE28600455E07 /* Base */,
			);
			name = MainInterface.storyboard;
			sourceTree = "<group>";
		};
		3BDF60B41E7978780063C611 /* Main.storyboard */ = {
			isa = PBXVariantGroup;
			children = (
				3BDF60B51E7978780063C611 /* Base */,
			);
			name = Main.storyboard;
			sourceTree = "<group>";
		};
		3BDF60B91E7978780063C611 /* LaunchScreen.storyboard */ = {
			isa = PBXVariantGroup;
			children = (
				3BDF60BA1E7978780063C611 /* Base */,
			);
			name = LaunchScreen.storyboard;
			sourceTree = "<group>";
		};
/* End PBXVariantGroup section */

/* Begin XCBuildConfiguration section */
		3B49C2E21ECDE28600455E07 /* Debug */ = {
			isa = XCBuildConfiguration;
			buildSettings = {
				CLANG_ANALYZER_NUMBER_OBJECT_CONVERSION = YES_AGGRESSIVE;
				CODE_SIGN_ENTITLEMENTS = WatchTodayExtension/WatchTodayExtension.entitlements;
				DEVELOPMENT_TEAM = 535G834WQ8;
				INFOPLIST_FILE = WatchTodayExtension/Info.plist;
				IPHONEOS_DEPLOYMENT_TARGET = 10.3;
				LD_RUNPATH_SEARCH_PATHS = "$(inherited) @executable_path/Frameworks @executable_path/../../Frameworks";
				PRODUCT_BUNDLE_IDENTIFIER = "com.nimomeng.and.his.friends.Limit-Input-Text-Field";
				PRODUCT_NAME = "$(TARGET_NAME)";
				SKIP_INSTALL = YES;
				SWIFT_VERSION = 4.0;
			};
			name = Debug;
		};
		3B49C2E31ECDE28600455E07 /* Release */ = {
			isa = XCBuildConfiguration;
			buildSettings = {
				CLANG_ANALYZER_NUMBER_OBJECT_CONVERSION = YES_AGGRESSIVE;
				CODE_SIGN_ENTITLEMENTS = WatchTodayExtension/WatchTodayExtension.entitlements;
				DEVELOPMENT_TEAM = 535G834WQ8;
				INFOPLIST_FILE = WatchTodayExtension/Info.plist;
				IPHONEOS_DEPLOYMENT_TARGET = 10.3;
				LD_RUNPATH_SEARCH_PATHS = "$(inherited) @executable_path/Frameworks @executable_path/../../Frameworks";
				PRODUCT_BUNDLE_IDENTIFIER = "com.nimomeng.and.his.friends.Limit-Input-Text-Field";
				PRODUCT_NAME = "$(TARGET_NAME)";
				SKIP_INSTALL = YES;
				SWIFT_VERSION = 4.0;
			};
			name = Release;
		};
		3BDF60BD1E7978780063C611 /* Debug */ = {
			isa = XCBuildConfiguration;
			buildSettings = {
				ALWAYS_SEARCH_USER_PATHS = NO;
				CLANG_ANALYZER_NONNULL = YES;
				CLANG_CXX_LANGUAGE_STANDARD = "gnu++0x";
				CLANG_CXX_LIBRARY = "libc++";
				CLANG_ENABLE_MODULES = YES;
				CLANG_ENABLE_OBJC_ARC = YES;
				CLANG_WARN_BOOL_CONVERSION = YES;
				CLANG_WARN_CONSTANT_CONVERSION = YES;
				CLANG_WARN_DIRECT_OBJC_ISA_USAGE = YES_ERROR;
				CLANG_WARN_DOCUMENTATION_COMMENTS = YES;
				CLANG_WARN_EMPTY_BODY = YES;
				CLANG_WARN_ENUM_CONVERSION = YES;
				CLANG_WARN_INFINITE_RECURSION = YES;
				CLANG_WARN_INT_CONVERSION = YES;
				CLANG_WARN_OBJC_ROOT_CLASS = YES_ERROR;
				CLANG_WARN_SUSPICIOUS_MOVE = YES;
				CLANG_WARN_UNREACHABLE_CODE = YES;
				CLANG_WARN__DUPLICATE_METHOD_MATCH = YES;
				"CODE_SIGN_IDENTITY[sdk=iphoneos*]" = "iPhone Developer";
				COPY_PHASE_STRIP = NO;
				DEBUG_INFORMATION_FORMAT = dwarf;
				ENABLE_STRICT_OBJC_MSGSEND = YES;
				ENABLE_TESTABILITY = YES;
				GCC_C_LANGUAGE_STANDARD = gnu99;
				GCC_DYNAMIC_NO_PIC = NO;
				GCC_NO_COMMON_BLOCKS = YES;
				GCC_OPTIMIZATION_LEVEL = 0;
				GCC_PREPROCESSOR_DEFINITIONS = (
					"DEBUG=1",
					"$(inherited)",
				);
				GCC_WARN_64_TO_32_BIT_CONVERSION = YES;
				GCC_WARN_ABOUT_RETURN_TYPE = YES_ERROR;
				GCC_WARN_UNDECLARED_SELECTOR = YES;
				GCC_WARN_UNINITIALIZED_AUTOS = YES_AGGRESSIVE;
				GCC_WARN_UNUSED_FUNCTION = YES;
				GCC_WARN_UNUSED_VARIABLE = YES;
				IPHONEOS_DEPLOYMENT_TARGET = 10.2;
				MTL_ENABLE_DEBUG_INFO = YES;
				ONLY_ACTIVE_ARCH = YES;
				SDKROOT = iphoneos;
				SWIFT_ACTIVE_COMPILATION_CONDITIONS = DEBUG;
				SWIFT_OPTIMIZATION_LEVEL = "-Onone";
			};
			name = Debug;
		};
		3BDF60BE1E7978780063C611 /* Release */ = {
			isa = XCBuildConfiguration;
			buildSettings = {
				ALWAYS_SEARCH_USER_PATHS = NO;
				CLANG_ANALYZER_NONNULL = YES;
				CLANG_CXX_LANGUAGE_STANDARD = "gnu++0x";
				CLANG_CXX_LIBRARY = "libc++";
				CLANG_ENABLE_MODULES = YES;
				CLANG_ENABLE_OBJC_ARC = YES;
				CLANG_WARN_BOOL_CONVERSION = YES;
				CLANG_WARN_CONSTANT_CONVERSION = YES;
				CLANG_WARN_DIRECT_OBJC_ISA_USAGE = YES_ERROR;
				CLANG_WARN_DOCUMENTATION_COMMENTS = YES;
				CLANG_WARN_EMPTY_BODY = YES;
				CLANG_WARN_ENUM_CONVERSION = YES;
				CLANG_WARN_INFINITE_RECURSION = YES;
				CLANG_WARN_INT_CONVERSION = YES;
				CLANG_WARN_OBJC_ROOT_CLASS = YES_ERROR;
				CLANG_WARN_SUSPICIOUS_MOVE = YES;
				CLANG_WARN_UNREACHABLE_CODE = YES;
				CLANG_WARN__DUPLICATE_METHOD_MATCH = YES;
				"CODE_SIGN_IDENTITY[sdk=iphoneos*]" = "iPhone Developer";
				COPY_PHASE_STRIP = NO;
				DEBUG_INFORMATION_FORMAT = "dwarf-with-dsym";
				ENABLE_NS_ASSERTIONS = NO;
				ENABLE_STRICT_OBJC_MSGSEND = YES;
				GCC_C_LANGUAGE_STANDARD = gnu99;
				GCC_NO_COMMON_BLOCKS = YES;
				GCC_WARN_64_TO_32_BIT_CONVERSION = YES;
				GCC_WARN_ABOUT_RETURN_TYPE = YES_ERROR;
				GCC_WARN_UNDECLARED_SELECTOR = YES;
				GCC_WARN_UNINITIALIZED_AUTOS = YES_AGGRESSIVE;
				GCC_WARN_UNUSED_FUNCTION = YES;
				GCC_WARN_UNUSED_VARIABLE = YES;
				IPHONEOS_DEPLOYMENT_TARGET = 10.2;
				MTL_ENABLE_DEBUG_INFO = NO;
				SDKROOT = iphoneos;
				SWIFT_OPTIMIZATION_LEVEL = "-Owholemodule";
				VALIDATE_PRODUCT = YES;
			};
			name = Release;
		};
		3BDF60C01E7978780063C611 /* Debug */ = {
			isa = XCBuildConfiguration;
			baseConfigurationReference = A7A72823C134EEA0AC282B39 /* Pods-WatchDemo.debug.xcconfig */;
			buildSettings = {
				ALWAYS_EMBED_SWIFT_STANDARD_LIBRARIES = YES;
				ASSETCATALOG_COMPILER_APPICON_NAME = AppIcon;
				CODE_SIGN_ENTITLEMENTS = WatchDemo/WatchDemo.entitlements;
				DEVELOPMENT_TEAM = 535G834WQ8;
				INFOPLIST_FILE = WatchDemo/Info.plist;
				LD_RUNPATH_SEARCH_PATHS = "$(inherited) @executable_path/Frameworks";
				PRODUCT_BUNDLE_IDENTIFIER = "com.nimomeng.and.his.friends.Limit-Input-Text-Field";
				PRODUCT_NAME = "$(TARGET_NAME)";
				SWIFT_VERSION = 4.0;
			};
			name = Debug;
		};
		3BDF60C11E7978780063C611 /* Release */ = {
			isa = XCBuildConfiguration;
			baseConfigurationReference = 1F0CBBDBC7FE284BDCEF12F5 /* Pods-WatchDemo.release.xcconfig */;
			buildSettings = {
				ALWAYS_EMBED_SWIFT_STANDARD_LIBRARIES = YES;
				ASSETCATALOG_COMPILER_APPICON_NAME = AppIcon;
				CODE_SIGN_ENTITLEMENTS = WatchDemo/WatchDemo.entitlements;
				DEVELOPMENT_TEAM = 535G834WQ8;
				INFOPLIST_FILE = WatchDemo/Info.plist;
				LD_RUNPATH_SEARCH_PATHS = "$(inherited) @executable_path/Frameworks";
				PRODUCT_BUNDLE_IDENTIFIER = "com.nimomeng.and.his.friends.Limit-Input-Text-Field";
				PRODUCT_NAME = "$(TARGET_NAME)";
				SWIFT_VERSION = 4.0;
			};
			name = Release;
		};
/* End XCBuildConfiguration section */

/* Begin XCConfigurationList section */
		3B49C2E41ECDE28600455E07 /* Build configuration list for PBXNativeTarget "WatchTodayExtension" */ = {
			isa = XCConfigurationList;
			buildConfigurations = (
				3B49C2E21ECDE28600455E07 /* Debug */,
				3B49C2E31ECDE28600455E07 /* Release */,
			);
			defaultConfigurationIsVisible = 0;
			defaultConfigurationName = Release;
		};
		3BDF60A81E7978780063C611 /* Build configuration list for PBXProject "WatchDemo" */ = {
			isa = XCConfigurationList;
			buildConfigurations = (
				3BDF60BD1E7978780063C611 /* Debug */,
				3BDF60BE1E7978780063C611 /* Release */,
			);
			defaultConfigurationIsVisible = 0;
			defaultConfigurationName = Release;
		};
		3BDF60BF1E7978780063C611 /* Build configuration list for PBXNativeTarget "WatchDemo" */ = {
			isa = XCConfigurationList;
			buildConfigurations = (
				3BDF60C01E7978780063C611 /* Debug */,
				3BDF60C11E7978780063C611 /* Release */,
			);
			defaultConfigurationIsVisible = 0;
			defaultConfigurationName = Release;
		};
/* End XCConfigurationList section */
	};
	rootObject = 3BDF60A51E7978780063C611 /* Project object */;
}
