// !$*UTF8*$!
{
	archiveVersion = 1;
	classes = {
	};
	objectVersion = 46;
	objects = {

/* Begin PBXBuildFile section */
		3B09C8961E9BD47F00A9527F /* CustomCollectionViewCellModel.swift in Sources */ = {isa = PBXBuildFile; fileRef = 3B09C8951E9BD47F00A9527F /* CustomCollectionViewCellModel.swift */; };
		3B1D90CC1E9A0EEC0031B53F /* AppDelegate.swift in Sources */ = {isa = PBXBuildFile; fileRef = 3B1D90CB1E9A0EEC0031B53F /* AppDelegate.swift */; };
		3B1D90CE1E9A0EEC0031B53F /* ViewController.swift in Sources */ = {isa = PBXBuildFile; fileRef = 3B1D90CD1E9A0EEC0031B53F /* ViewController.swift */; };
		3B1D90D11E9A0EEC0031B53F /* Main.storyboard in Resources */ = {isa = PBXBuildFile; fileRef = 3B1D90CF1E9A0EEC0031B53F /* Main.storyboard */; };
		3B1D90D31E9A0EEC0031B53F /* Assets.xcassets in Resources */ = {isa = PBXBuildFile; fileRef = 3B1D90D21E9A0EEC0031B53F /* Assets.xcassets */; };
		3B1D90D61E9A0EEC0031B53F /* LaunchScreen.storyboard in Resources */ = {isa = PBXBuildFile; fileRef = 3B1D90D41E9A0EEC0031B53F /* LaunchScreen.storyboard */; };
		3B1D90DE1E9A64610031B53F /* CustomCollectionViewCell.swift in Sources */ = {isa = PBXBuildFile; fileRef = 3B1D90DD1E9A64610031B53F /* CustomCollectionViewCell.swift */; };
		3B1D90E01E9A6F790031B53F /* CustomCollectionViewLayout.swift in Sources */ = {isa = PBXBuildFile; fileRef = 3B1D90DF1E9A6F790031B53F /* CustomCollectionViewLayout.swift */; };
/* End PBXBuildFile section */

/* Begin PBXFileReference section */
		3B09C8951E9BD47F00A9527F /* CustomCollectionViewCellModel.swift */ = {isa = PBXFileReference; fileEncoding = 4; lastKnownFileType = sourcecode.swift; path = CustomCollectionViewCellModel.swift; sourceTree = "<group>"; };
		3B1D90C81E9A0EEC0031B53F /* Carousel Effect.app */ = {isa = PBXFileReference; explicitFileType = wrapper.application; includeInIndex = 0; path = "Carousel Effect.app"; sourceTree = BUILT_PRODUCTS_DIR; };
		3B1D90CB1E9A0EEC0031B53F /* AppDelegate.swift */ = {isa = PBXFileReference; lastKnownFileType = sourcecode.swift; path = AppDelegate.swift; sourceTree = "<group>"; };
		3B1D90CD1E9A0EEC0031B53F /* ViewController.swift */ = {isa = PBXFileReference; lastKnownFileType = sourcecode.swift; path = ViewController.swift; sourceTree = "<group>"; };
		3B1D90D01E9A0EEC0031B53F /* Base */ = {isa = PBXFileReference; lastKnownFileType = file.storyboard; name = Base; path = Base.lproj/Main.storyboard; sourceTree = "<group>"; };
		3B1D90D21E9A0EEC0031B53F /* Assets.xcassets */ = {isa = PBXFileReference; lastKnownFileType = folder.assetcatalog; path = Assets.xcassets; sourceTree = "<group>"; };
		3B1D90D51E9A0EEC0031B53F /* Base */ = {isa = PBXFileReference; lastKnownFileType = file.storyboard; name = Base; path = Base.lproj/LaunchScreen.storyboard; sourceTree = "<group>"; };
		3B1D90D71E9A0EEC0031B53F /* Info.plist */ = {isa = PBXFileReference; lastKnownFileType = text.plist.xml; path = Info.plist; sourceTree = "<group>"; };
		3B1D90DD1E9A64610031B53F /* CustomCollectionViewCell.swift */ = {isa = PBXFileReference; fileEncoding = 4; lastKnownFileType = sourcecode.swift; path = CustomCollectionViewCell.swift; sourceTree = "<group>"; };
		3B1D90DF1E9A6F790031B53F /* CustomCollectionViewLayout.swift */ = {isa = PBXFileReference; fileEncoding = 4; lastKnownFileType = sourcecode.swift; path = CustomCollectionViewLayout.swift; sourceTree = "<group>"; };
/* End PBXFileReference section */

/* Begin PBXFrameworksBuildPhase section */
		3B1D90C51E9A0EEC0031B53F /* Frameworks */ = {
			isa = PBXFrameworksBuildPhase;
			buildActionMask = 2147483647;
			files = (
			);
			runOnlyForDeploymentPostprocessing = 0;
		};
/* End PBXFrameworksBuildPhase section */

/* Begin PBXGroup section */
		3B1D90BF1E9A0EEC0031B53F = {
			isa = PBXGroup;
			children = (
				3B1D90CA1E9A0EEC0031B53F /* Carousel Effect */,
				3B1D90C91E9A0EEC0031B53F /* Products */,
			);
			sourceTree = "<group>";
		};
		3B1D90C91E9A0EEC0031B53F /* Products */ = {
			isa = PBXGroup;
			children = (
				3B1D90C81E9A0EEC0031B53F /* Carousel Effect.app */,
			);
			name = Products;
			sourceTree = "<group>";
		};
		3B1D90CA1E9A0EEC0031B53F /* Carousel Effect */ = {
			isa = PBXGroup;
			children = (
				3B1D90CB1E9A0EEC0031B53F /* AppDelegate.swift */,
				3B1D90CD1E9A0EEC0031B53F /* ViewController.swift */,
				3B1D90DD1E9A64610031B53F /* CustomCollectionViewCell.swift */,
				3B1D90DF1E9A6F790031B53F /* CustomCollectionViewLayout.swift */,
				3B09C8951E9BD47F00A9527F /* CustomCollectionViewCellModel.swift */,
				3B1D90CF1E9A0EEC0031B53F /* Main.storyboard */,
				3B1D90D21E9A0EEC0031B53F /* Assets.xcassets */,
				3B1D90D41E9A0EEC0031B53F /* LaunchScreen.storyboard */,
				3B1D90D71E9A0EEC0031B53F /* Info.plist */,
			);
			path = "Carousel Effect";
			sourceTree = "<group>";
		};
/* End PBXGroup section */

/* Begin PBXNativeTarget section */
		3B1D90C71E9A0EEC0031B53F /* Carousel Effect */ = {
			isa = PBXNativeTarget;
			buildConfigurationList = 3B1D90DA1E9A0EEC0031B53F /* Build configuration list for PBXNativeTarget "Carousel Effect" */;
			buildPhases = (
				3B1D90C41E9A0EEC0031B53F /* Sources */,
				3B1D90C51E9A0EEC0031B53F /* Frameworks */,
				3B1D90C61E9A0EEC0031B53F /* Resources */,
			);
			buildRules = (
			);
			dependencies = (
			);
			name = "Carousel Effect";
			productName = "Carousel Effect";
			productReference = 3B1D90C81E9A0EEC0031B53F /* Carousel Effect.app */;
			productType = "com.apple.product-type.application";
		};
/* End PBXNativeTarget section */

/* Begin PBXProject section */
		3B1D90C01E9A0EEC0031B53F /* Project object */ = {
			isa = PBXProject;
			attributes = {
				LastSwiftUpdateCheck = 0830;
				LastUpgradeCheck = 0830;
				ORGANIZATIONNAME = nimo;
				TargetAttributes = {
					3B1D90C71E9A0EEC0031B53F = {
						CreatedOnToolsVersion = 8.3;
						ProvisioningStyle = Automatic;
					};
				};
			};
			buildConfigurationList = 3B1D90C31E9A0EEC0031B53F /* Build configuration list for PBXProject "Carousel Effect" */;
			compatibilityVersion = "Xcode 3.2";
			developmentRegion = English;
			hasScannedForEncodings = 0;
			knownRegions = (
				English,
				en,
				Base,
			);
			mainGroup = 3B1D90BF1E9A0EEC0031B53F;
			productRefGroup = 3B1D90C91E9A0EEC0031B53F /* Products */;
			projectDirPath = "";
			projectRoot = "";
			targets = (
				3B1D90C71E9A0EEC0031B53F /* Carousel Effect */,
			);
		};
/* End PBXProject section */

/* Begin PBXResourcesBuildPhase section */
		3B1D90C61E9A0EEC0031B53F /* Resources */ = {
			isa = PBXResourcesBuildPhase;
			buildActionMask = 2147483647;
			files = (
				3B1D90D61E9A0EEC0031B53F /* LaunchScreen.storyboard in Resources */,
				3B1D90D31E9A0EEC0031B53F /* Assets.xcassets in Resources */,
				3B1D90D11E9A0EEC0031B53F /* Main.storyboard in Resources */,
			);
			runOnlyForDeploymentPostprocessing = 0;
		};
/* End PBXResourcesBuildPhase section */

/* Begin PBXSourcesBuildPhase section */
		3B1D90C41E9A0EEC0031B53F /* Sources */ = {
			isa = PBXSourcesBuildPhase;
			buildActionMask = 2147483647;
			files = (
				3B09C8961E9BD47F00A9527F /* CustomCollectionViewCellModel.swift in Sources */,
				3B1D90CE1E9A0EEC0031B53F /* ViewController.swift in Sources */,
				3B1D90DE1E9A64610031B53F /* CustomCollectionViewCell.swift in Sources */,
				3B1D90E01E9A6F790031B53F /* CustomCollectionViewLayout.swift in Sources */,
				3B1D90CC1E9A0EEC0031B53F /* AppDelegate.swift in Sources */,
			);
			runOnlyForDeploymentPostprocessing = 0;
		};
/* End PBXSourcesBuildPhase section */

/* Begin PBXVariantGroup section */
		3B1D90CF1E9A0EEC0031B53F /* Main.storyboard */ = {
			isa = PBXVariantGroup;
			children = (
				3B1D90D01E9A0EEC0031B53F /* Base */,
			);
			name = Main.storyboard;
			sourceTree = "<group>";
		};
		3B1D90D41E9A0EEC0031B53F /* LaunchScreen.storyboard */ = {
			isa = PBXVariantGroup;
			children = (
				3B1D90D51E9A0EEC0031B53F /* Base */,
			);
			name = LaunchScreen.storyboard;
			sourceTree = "<group>";
		};
/* End PBXVariantGroup section */

/* Begin XCBuildConfiguration section */
		3B1D90D81E9A0EEC0031B53F /* Debug */ = {
			isa = XCBuildConfiguration;
			buildSettings = {
				ALWAYS_SEARCH_USER_PATHS = NO;
				CLANG_ANALYZER_NONNULL = YES;
				CLANG_ANALYZER_NUMBER_OBJECT_CONVERSION = YES_AGGRESSIVE;
				CLANG_CXX_LANGUAGE_STANDARD = "gnu++0x";
				CLANG_CXX_LIBRARY = "libc++";
				CLANG_ENABLE_MODULES = YES;
				CLANG_ENABLE_OBJC_ARC = YES;
				CLANG_WARN_BOOL_CONVERSION = YES;
				CLANG_WARN_CONSTANT_CONVERSION = YES;
				CLANG_WARN_DIRECT_OBJC_ISA_USAGE = YES_ERROR;
				CLANG_WARN_DOCUMENTATION_COMMENTS = YES;
				CLANG_WARN_EMPTY_BODY = YES;
				CLANG_WARN_ENUM_CONVERSION = YES;
				CLANG_WARN_INFINITE_RECURSION = YES;
				CLANG_WARN_INT_CONVERSION = YES;
				CLANG_WARN_OBJC_ROOT_CLASS = YES_ERROR;
				CLANG_WARN_SUSPICIOUS_MOVE = YES;
				CLANG_WARN_UNREACHABLE_CODE = YES;
				CLANG_WARN__DUPLICATE_METHOD_MATCH = YES;
				"CODE_SIGN_IDENTITY[sdk=iphoneos*]" = "iPhone Developer";
				COPY_PHASE_STRIP = NO;
				DEBUG_INFORMATION_FORMAT = dwarf;
				ENABLE_STRICT_OBJC_MSGSEND = YES;
				ENABLE_TESTABILITY = YES;
				GCC_C_LANGUAGE_STANDARD = gnu99;
				GCC_DYNAMIC_NO_PIC = NO;
				GCC_NO_COMMON_BLOCKS = YES;
				GCC_OPTIMIZATION_LEVEL = 0;
				GCC_PREPROCESSOR_DEFINITIONS = (
					"DEBUG=1",
					"$(inherited)",
				);
				GCC_WARN_64_TO_32_BIT_CONVERSION = YES;
				GCC_WARN_ABOUT_RETURN_TYPE = YES_ERROR;
				GCC_WARN_UNDECLARED_SELECTOR = YES;
				GCC_WARN_UNINITIALIZED_AUTOS = YES_AGGRESSIVE;
				GCC_WARN_UNUSED_FUNCTION = YES;
				GCC_WARN_UNUSED_VARIABLE = YES;
				IPHONEOS_DEPLOYMENT_TARGET = 10.3;
				MTL_ENABLE_DEBUG_INFO = YES;
				ONLY_ACTIVE_ARCH = YES;
				SDKROOT = iphoneos;
				SWIFT_ACTIVE_COMPILATION_CONDITIONS = DEBUG;
				SWIFT_OPTIMIZATION_LEVEL = "-Onone";
			};
			name = Debug;
		};
		3B1D90D91E9A0EEC0031B53F /* Release */ = {
			isa = XCBuildConfiguration;
			buildSettings = {
				ALWAYS_SEARCH_USER_PATHS = NO;
				CLANG_ANALYZER_NONNULL = YES;
				CLANG_ANALYZER_NUMBER_OBJECT_CONVERSION = YES_AGGRESSIVE;
				CLANG_CXX_LANGUAGE_STANDARD = "gnu++0x";
				CLANG_CXX_LIBRARY = "libc++";
				CLANG_ENABLE_MODULES = YES;
				CLANG_ENABLE_OBJC_ARC = YES;
				CLANG_WARN_BOOL_CONVERSION = YES;
				CLANG_WARN_CONSTANT_CONVERSION = YES;
				CLANG_WARN_DIRECT_OBJC_ISA_USAGE = YES_ERROR;
				CLANG_WARN_DOCUMENTATION_COMMENTS = YES;
				CLANG_WARN_EMPTY_BODY = YES;
				CLANG_WARN_ENUM_CONVERSION = YES;
				CLANG_WARN_INFINITE_RECURSION = YES;
				CLANG_WARN_INT_CONVERSION = YES;
				CLANG_WARN_OBJC_ROOT_CLASS = YES_ERROR;
				CLANG_WARN_SUSPICIOUS_MOVE = YES;
				CLANG_WARN_UNREACHABLE_CODE = YES;
				CLANG_WARN__DUPLICATE_METHOD_MATCH = YES;
				"CODE_SIGN_IDENTITY[sdk=iphoneos*]" = "iPhone Developer";
				COPY_PHASE_STRIP = NO;
				DEBUG_INFORMATION_FORMAT = "dwarf-with-dsym";
				ENABLE_NS_ASSERTIONS = NO;
				ENABLE_STRICT_OBJC_MSGSEND = YES;
				GCC_C_LANGUAGE_STANDARD = gnu99;
				GCC_NO_COMMON_BLOCKS = YES;
				GCC_WARN_64_TO_32_BIT_CONVERSION = YES;
				GCC_WARN_ABOUT_RETURN_TYPE = YES_ERROR;
				GCC_WARN_UNDECLARED_SELECTOR = YES;
				GCC_WARN_UNINITIALIZED_AUTOS = YES_AGGRESSIVE;
				GCC_WARN_UNUSED_FUNCTION = YES;
				GCC_WARN_UNUSED_VARIABLE = YES;
				IPHONEOS_DEPLOYMENT_TARGET = 10.3;
				MTL_ENABLE_DEBUG_INFO = NO;
				SDKROOT = iphoneos;
				SWIFT_OPTIMIZATION_LEVEL = "-Owholemodule";
				VALIDATE_PRODUCT = YES;
			};
			name = Release;
		};
		3B1D90DB1E9A0EEC0031B53F /* Debug */ = {
			isa = XCBuildConfiguration;
			buildSettings = {
				ASSETCATALOG_COMPILER_APPICON_NAME = AppIcon;
				DEVELOPMENT_TEAM = "";
				INFOPLIST_FILE = "Carousel Effect/Info.plist";
				LD_RUNPATH_SEARCH_PATHS = "$(inherited) @executable_path/Frameworks";
				PRODUCT_BUNDLE_IDENTIFIER = "nimoAndHisFriends.Carousel-Effect";
				PRODUCT_NAME = "$(TARGET_NAME)";
				SWIFT_VERSION = 4.0;
			};
			name = Debug;
		};
		3B1D90DC1E9A0EEC0031B53F /* Release */ = {
			isa = XCBuildConfiguration;
			buildSettings = {
				ASSETCATALOG_COMPILER_APPICON_NAME = AppIcon;
				DEVELOPMENT_TEAM = "";
				INFOPLIST_FILE = "Carousel Effect/Info.plist";
				LD_RUNPATH_SEARCH_PATHS = "$(inherited) @executable_path/Frameworks";
				PRODUCT_BUNDLE_IDENTIFIER = "nimoAndHisFriends.Carousel-Effect";
				PRODUCT_NAME = "$(TARGET_NAME)";
				SWIFT_VERSION = 4.0;
			};
			name = Release;
		};
/* End XCBuildConfiguration section */

/* Begin XCConfigurationList section */
		3B1D90C31E9A0EEC0031B53F /* Build configuration list for PBXProject "Carousel Effect" */ = {
			isa = XCConfigurationList;
			buildConfigurations = (
				3B1D90D81E9A0EEC0031B53F /* Debug */,
				3B1D90D91E9A0EEC0031B53F /* Release */,
			);
			defaultConfigurationIsVisible = 0;
			defaultConfigurationName = Release;
		};
		3B1D90DA1E9A0EEC0031B53F /* Build configuration list for PBXNativeTarget "Carousel Effect" */ = {
			isa = XCConfigurationList;
			buildConfigurations = (
				3B1D90DB1E9A0EEC0031B53F /* Debug */,
				3B1D90DC1E9A0EEC0031B53F /* Release */,
			);
			defaultConfigurationIsVisible = 0;
			defaultConfigurationName = Release;
		};
/* End XCConfigurationList section */
	};
	rootObject = 3B1D90C01E9A0EEC0031B53F /* Project object */;
}
