// !$*UTF8*$!
{
	archiveVersion = 1;
	classes = {
	};
	objectVersion = 46;
	objects = {

/* Begin PBXBuildFile section */
		3B09C8A41EA242E500A9527F /* AppDelegate.swift in Sources */ = {isa = PBXBuildFile; fileRef = 3B09C8A31EA242E500A9527F /* AppDelegate.swift */; };
		3B09C8A61EA242E500A9527F /* ViewController.swift in Sources */ = {isa = PBXBuildFile; fileRef = 3B09C8A51EA242E500A9527F /* ViewController.swift */; };
		3B09C8A91EA242E500A9527F /* Main.storyboard in Resources */ = {isa = PBXBuildFile; fileRef = 3B09C8A71EA242E500A9527F /* Main.storyboard */; };
		3B09C8AB1EA242E500A9527F /* Assets.xcassets in Resources */ = {isa = PBXBuildFile; fileRef = 3B09C8AA1EA242E500A9527F /* Assets.xcassets */; };
		3B09C8AE1EA242E500A9527F /* LaunchScreen.storyboard in Resources */ = {isa = PBXBuildFile; fileRef = 3B09C8AC1EA242E500A9527F /* LaunchScreen.storyboard */; };
		3B09C8B71EA24C2000A9527F /* CoreLocation.framework in Frameworks */ = {isa = PBXBuildFile; fileRef = 3B09C8B61EA24C2000A9527F /* CoreLocation.framework */; };
/* End PBXBuildFile section */

/* Begin PBXFileReference section */
		3B09C8A01EA242E500A9527F /* FindMyPosition.app */ = {isa = PBXFileReference; explicitFileType = wrapper.application; includeInIndex = 0; path = FindMyPosition.app; sourceTree = BUILT_PRODUCTS_DIR; };
		3B09C8A31EA242E500A9527F /* AppDelegate.swift */ = {isa = PBXFileReference; lastKnownFileType = sourcecode.swift; path = AppDelegate.swift; sourceTree = "<group>"; };
		3B09C8A51EA242E500A9527F /* ViewController.swift */ = {isa = PBXFileReference; lastKnownFileType = sourcecode.swift; path = ViewController.swift; sourceTree = "<group>"; };
		3B09C8A81EA242E500A9527F /* Base */ = {isa = PBXFileReference; lastKnownFileType = file.storyboard; name = Base; path = Base.lproj/Main.storyboard; sourceTree = "<group>"; };
		3B09C8AA1EA242E500A9527F /* Assets.xcassets */ = {isa = PBXFileReference; lastKnownFileType = folder.assetcatalog; path = Assets.xcassets; sourceTree = "<group>"; };
		3B09C8AD1EA242E500A9527F /* Base */ = {isa = PBXFileReference; lastKnownFileType = file.storyboard; name = Base; path = Base.lproj/LaunchScreen.storyboard; sourceTree = "<group>"; };
		3B09C8AF1EA242E500A9527F /* Info.plist */ = {isa = PBXFileReference; lastKnownFileType = text.plist.xml; path = Info.plist; sourceTree = "<group>"; };
		3B09C8B61EA24C2000A9527F /* CoreLocation.framework */ = {isa = PBXFileReference; lastKnownFileType = wrapper.framework; name = CoreLocation.framework; path = System/Library/Frameworks/CoreLocation.framework; sourceTree = SDKROOT; };
/* End PBXFileReference section */

/* Begin PBXFrameworksBuildPhase section */
		3B09C89D1EA242E500A9527F /* Frameworks */ = {
			isa = PBXFrameworksBuildPhase;
			buildActionMask = 2147483647;
			files = (
				3B09C8B71EA24C2000A9527F /* CoreLocation.framework in Frameworks */,
			);
			runOnlyForDeploymentPostprocessing = 0;
		};
/* End PBXFrameworksBuildPhase section */

/* Begin PBXGroup section */
		3B09C8971EA242E500A9527F = {
			isa = PBXGroup;
			children = (
				3B09C8A21EA242E500A9527F /* FindMyPosition */,
				3B09C8A11EA242E500A9527F /* Products */,
				3B09C8B51EA24C2000A9527F /* Frameworks */,
			);
			sourceTree = "<group>";
		};
		3B09C8A11EA242E500A9527F /* Products */ = {
			isa = PBXGroup;
			children = (
				3B09C8A01EA242E500A9527F /* FindMyPosition.app */,
			);
			name = Products;
			sourceTree = "<group>";
		};
		3B09C8A21EA242E500A9527F /* FindMyPosition */ = {
			isa = PBXGroup;
			children = (
				3B09C8A31EA242E500A9527F /* AppDelegate.swift */,
				3B09C8A51EA242E500A9527F /* ViewController.swift */,
				3B09C8A71EA242E500A9527F /* Main.storyboard */,
				3B09C8AA1EA242E500A9527F /* Assets.xcassets */,
				3B09C8AC1EA242E500A9527F /* LaunchScreen.storyboard */,
				3B09C8AF1EA242E500A9527F /* Info.plist */,
			);
			path = FindMyPosition;
			sourceTree = "<group>";
		};
		3B09C8B51EA24C2000A9527F /* Frameworks */ = {
			isa = PBXGroup;
			children = (
				3B09C8B61EA24C2000A9527F /* CoreLocation.framework */,
			);
			name = Frameworks;
			sourceTree = "<group>";
		};
/* End PBXGroup section */

/* Begin PBXNativeTarget section */
		3B09C89F1EA242E500A9527F /* FindMyPosition */ = {
			isa = PBXNativeTarget;
			buildConfigurationList = 3B09C8B21EA242E500A9527F /* Build configuration list for PBXNativeTarget "FindMyPosition" */;
			buildPhases = (
				3B09C89C1EA242E500A9527F /* Sources */,
				3B09C89D1EA242E500A9527F /* Frameworks */,
				3B09C89E1EA242E500A9527F /* Resources */,
			);
			buildRules = (
			);
			dependencies = (
			);
			name = FindMyPosition;
			productName = FindMyPosition;
			productReference = 3B09C8A01EA242E500A9527F /* FindMyPosition.app */;
			productType = "com.apple.product-type.application";
		};
/* End PBXNativeTarget section */

/* Begin PBXProject section */
		3B09C8981EA242E500A9527F /* Project object */ = {
			isa = PBXProject;
			attributes = {
				LastSwiftUpdateCheck = 0830;
				LastUpgradeCheck = 0830;
				ORGANIZATIONNAME = nimo;
				TargetAttributes = {
					3B09C89F1EA242E500A9527F = {
						CreatedOnToolsVersion = 8.3;
						ProvisioningStyle = Automatic;
					};
				};
			};
			buildConfigurationList = 3B09C89B1EA242E500A9527F /* Build configuration list for PBXProject "FindMyPosition" */;
			compatibilityVersion = "Xcode 3.2";
			developmentRegion = English;
			hasScannedForEncodings = 0;
			knownRegions = (
				en,
				Base,
			);
			mainGroup = 3B09C8971EA242E500A9527F;
			productRefGroup = 3B09C8A11EA242E500A9527F /* Products */;
			projectDirPath = "";
			projectRoot = "";
			targets = (
				3B09C89F1EA242E500A9527F /* FindMyPosition */,
			);
		};
/* End PBXProject section */

/* Begin PBXResourcesBuildPhase section */
		3B09C89E1EA242E500A9527F /* Resources */ = {
			isa = PBXResourcesBuildPhase;
			buildActionMask = 2147483647;
			files = (
				3B09C8AE1EA242E500A9527F /* LaunchScreen.storyboard in Resources */,
				3B09C8AB1EA242E500A9527F /* Assets.xcassets in Resources */,
				3B09C8A91EA242E500A9527F /* Main.storyboard in Resources */,
			);
			runOnlyForDeploymentPostprocessing = 0;
		};
/* End PBXResourcesBuildPhase section */

/* Begin PBXSourcesBuildPhase section */
		3B09C89C1EA242E500A9527F /* Sources */ = {
			isa = PBXSourcesBuildPhase;
			buildActionMask = 2147483647;
			files = (
				3B09C8A61EA242E500A9527F /* ViewController.swift in Sources */,
				3B09C8A41EA242E500A9527F /* AppDelegate.swift in Sources */,
			);
			runOnlyForDeploymentPostprocessing = 0;
		};
/* End PBXSourcesBuildPhase section */

/* Begin PBXVariantGroup section */
		3B09C8A71EA242E500A9527F /* Main.storyboard */ = {
			isa = PBXVariantGroup;
			children = (
				3B09C8A81EA242E500A9527F /* Base */,
			);
			name = Main.storyboard;
			sourceTree = "<group>";
		};
		3B09C8AC1EA242E500A9527F /* LaunchScreen.storyboard */ = {
			isa = PBXVariantGroup;
			children = (
				3B09C8AD1EA242E500A9527F /* Base */,
			);
			name = LaunchScreen.storyboard;
			sourceTree = "<group>";
		};
/* End PBXVariantGroup section */

/* Begin XCBuildConfiguration section */
		3B09C8B01EA242E500A9527F /* Debug */ = {
			isa = XCBuildConfiguration;
			buildSettings = {
				ALWAYS_SEARCH_USER_PATHS = NO;
				CLANG_ANALYZER_NONNULL = YES;
				CLANG_ANALYZER_NUMBER_OBJECT_CONVERSION = YES_AGGRESSIVE;
				CLANG_CXX_LANGUAGE_STANDARD = "gnu++0x";
				CLANG_CXX_LIBRARY = "libc++";
				CLANG_ENABLE_MODULES = YES;
				CLANG_ENABLE_OBJC_ARC = YES;
				CLANG_WARN_BOOL_CONVERSION = YES;
				CLANG_WARN_CONSTANT_CONVERSION = YES;
				CLANG_WARN_DIRECT_OBJC_ISA_USAGE = YES_ERROR;
				CLANG_WARN_DOCUMENTATION_COMMENTS = YES;
				CLANG_WARN_EMPTY_BODY = YES;
				CLANG_WARN_ENUM_CONVERSION = YES;
				CLANG_WARN_INFINITE_RECURSION = YES;
				CLANG_WARN_INT_CONVERSION = YES;
				CLANG_WARN_OBJC_ROOT_CLASS = YES_ERROR;
				CLANG_WARN_SUSPICIOUS_MOVE = YES;
				CLANG_WARN_UNREACHABLE_CODE = YES;
				CLANG_WARN__DUPLICATE_METHOD_MATCH = YES;
				"CODE_SIGN_IDENTITY[sdk=iphoneos*]" = "iPhone Developer";
				COPY_PHASE_STRIP = NO;
				DEBUG_INFORMATION_FORMAT = dwarf;
				ENABLE_STRICT_OBJC_MSGSEND = YES;
				ENABLE_TESTABILITY = YES;
				GCC_C_LANGUAGE_STANDARD = gnu99;
				GCC_DYNAMIC_NO_PIC = NO;
				GCC_NO_COMMON_BLOCKS = YES;
				GCC_OPTIMIZATION_LEVEL = 0;
				GCC_PREPROCESSOR_DEFINITIONS = (
					"DEBUG=1",
					"$(inherited)",
				);
				GCC_WARN_64_TO_32_BIT_CONVERSION = YES;
				GCC_WARN_ABOUT_RETURN_TYPE = YES_ERROR;
				GCC_WARN_UNDECLARED_SELECTOR = YES;
				GCC_WARN_UNINITIALIZED_AUTOS = YES_AGGRESSIVE;
				GCC_WARN_UNUSED_FUNCTION = YES;
				GCC_WARN_UNUSED_VARIABLE = YES;
				IPHONEOS_DEPLOYMENT_TARGET = 10.3;
				MTL_ENABLE_DEBUG_INFO = YES;
				ONLY_ACTIVE_ARCH = YES;
				SDKROOT = iphoneos;
				SWIFT_ACTIVE_COMPILATION_CONDITIONS = DEBUG;
				SWIFT_OPTIMIZATION_LEVEL = "-Onone";
			};
			name = Debug;
		};
		3B09C8B11EA242E500A9527F /* Release */ = {
			isa = XCBuildConfiguration;
			buildSettings = {
				ALWAYS_SEARCH_USER_PATHS = NO;
				CLANG_ANALYZER_NONNULL = YES;
				CLANG_ANALYZER_NUMBER_OBJECT_CONVERSION = YES_AGGRESSIVE;
				CLANG_CXX_LANGUAGE_STANDARD = "gnu++0x";
				CLANG_CXX_LIBRARY = "libc++";
				CLANG_ENABLE_MODULES = YES;
				CLANG_ENABLE_OBJC_ARC = YES;
				CLANG_WARN_BOOL_CONVERSION = YES;
				CLANG_WARN_CONSTANT_CONVERSION = YES;
				CLANG_WARN_DIRECT_OBJC_ISA_USAGE = YES_ERROR;
				CLANG_WARN_DOCUMENTATION_COMMENTS = YES;
				CLANG_WARN_EMPTY_BODY = YES;
				CLANG_WARN_ENUM_CONVERSION = YES;
				CLANG_WARN_INFINITE_RECURSION = YES;
				CLANG_WARN_INT_CONVERSION = YES;
				CLANG_WARN_OBJC_ROOT_CLASS = YES_ERROR;
				CLANG_WARN_SUSPICIOUS_MOVE = YES;
				CLANG_WARN_UNREACHABLE_CODE = YES;
				CLANG_WARN__DUPLICATE_METHOD_MATCH = YES;
				"CODE_SIGN_IDENTITY[sdk=iphoneos*]" = "iPhone Developer";
				COPY_PHASE_STRIP = NO;
				DEBUG_INFORMATION_FORMAT = "dwarf-with-dsym";
				ENABLE_NS_ASSERTIONS = NO;
				ENABLE_STRICT_OBJC_MSGSEND = YES;
				GCC_C_LANGUAGE_STANDARD = gnu99;
				GCC_NO_COMMON_BLOCKS = YES;
				GCC_WARN_64_TO_32_BIT_CONVERSION = YES;
				GCC_WARN_ABOUT_RETURN_TYPE = YES_ERROR;
				GCC_WARN_UNDECLARED_SELECTOR = YES;
				GCC_WARN_UNINITIALIZED_AUTOS = YES_AGGRESSIVE;
				GCC_WARN_UNUSED_FUNCTION = YES;
				GCC_WARN_UNUSED_VARIABLE = YES;
				IPHONEOS_DEPLOYMENT_TARGET = 10.3;
				MTL_ENABLE_DEBUG_INFO = NO;
				SDKROOT = iphoneos;
				SWIFT_OPTIMIZATION_LEVEL = "-Owholemodule";
				VALIDATE_PRODUCT = YES;
			};
			name = Release;
		};
		3B09C8B31EA242E500A9527F /* Debug */ = {
			isa = XCBuildConfiguration;
			buildSettings = {
				ASSETCATALOG_COMPILER_APPICON_NAME = AppIcon;
				DEVELOPMENT_TEAM = "";
				INFOPLIST_FILE = FindMyPosition/Info.plist;
				LD_RUNPATH_SEARCH_PATHS = "$(inherited) @executable_path/Frameworks";
				PRODUCT_BUNDLE_IDENTIFIER = nimoAndHisFriends.FindMyPosition;
				PRODUCT_NAME = "$(TARGET_NAME)";
				SWIFT_VERSION = 3.0;
			};
			name = Debug;
		};
		3B09C8B41EA242E500A9527F /* Release */ = {
			isa = XCBuildConfiguration;
			buildSettings = {
				ASSETCATALOG_COMPILER_APPICON_NAME = AppIcon;
				DEVELOPMENT_TEAM = "";
				INFOPLIST_FILE = FindMyPosition/Info.plist;
				LD_RUNPATH_SEARCH_PATHS = "$(inherited) @executable_path/Frameworks";
				PRODUCT_BUNDLE_IDENTIFIER = nimoAndHisFriends.FindMyPosition;
				PRODUCT_NAME = "$(TARGET_NAME)";
				SWIFT_VERSION = 3.0;
			};
			name = Release;
		};
/* End XCBuildConfiguration section */

/* Begin XCConfigurationList section */
		3B09C89B1EA242E500A9527F /* Build configuration list for PBXProject "FindMyPosition" */ = {
			isa = XCConfigurationList;
			buildConfigurations = (
				3B09C8B01EA242E500A9527F /* Debug */,
				3B09C8B11EA242E500A9527F /* Release */,
			);
			defaultConfigurationIsVisible = 0;
			defaultConfigurationName = Release;
		};
		3B09C8B21EA242E500A9527F /* Build configuration list for PBXNativeTarget "FindMyPosition" */ = {
			isa = XCConfigurationList;
			buildConfigurations = (
				3B09C8B31EA242E500A9527F /* Debug */,
				3B09C8B41EA242E500A9527F /* Release */,
			);
			defaultConfigurationIsVisible = 0;
			defaultConfigurationName = Release;
		};
/* End XCConfigurationList section */
	};
	rootObject = 3B09C8981EA242E500A9527F /* Project object */;
}
