// !$*UTF8*$!
{
	archiveVersion = 1;
	classes = {
	};
	objectVersion = 46;
	objects = {

/* Begin PBXBuildFile section */
		3B69E38B1EC351B000D36CC1 /* AppDelegate.swift in Sources */ = {isa = PBXBuildFile; fileRef = 3B69E38A1EC351B000D36CC1 /* AppDelegate.swift */; };
		3B69E38D1EC351B000D36CC1 /* ViewController.swift in Sources */ = {isa = PBXBuildFile; fileRef = 3B69E38C1EC351B000D36CC1 /* ViewController.swift */; };
		3B69E3901EC351B000D36CC1 /* Main.storyboard in Resources */ = {isa = PBXBuildFile; fileRef = 3B69E38E1EC351B000D36CC1 /* Main.storyboard */; };
		3B69E3921EC351B000D36CC1 /* Assets.xcassets in Resources */ = {isa = PBXBuildFile; fileRef = 3B69E3911EC351B000D36CC1 /* Assets.xcassets */; };
		3B69E3951EC351B000D36CC1 /* LaunchScreen.storyboard in Resources */ = {isa = PBXBuildFile; fileRef = 3B69E3931EC351B000D36CC1 /* LaunchScreen.storyboard */; };
/* End PBXBuildFile section */

/* Begin PBXFileReference section */
		3B69E3871EC351B000D36CC1 /* Swipeable Cell.app */ = {isa = PBXFileReference; explicitFileType = wrapper.application; includeInIndex = 0; path = "Swipeable Cell.app"; sourceTree = BUILT_PRODUCTS_DIR; };
		3B69E38A1EC351B000D36CC1 /* AppDelegate.swift */ = {isa = PBXFileReference; lastKnownFileType = sourcecode.swift; path = AppDelegate.swift; sourceTree = "<group>"; };
		3B69E38C1EC351B000D36CC1 /* ViewController.swift */ = {isa = PBXFileReference; lastKnownFileType = sourcecode.swift; path = ViewController.swift; sourceTree = "<group>"; };
		3B69E38F1EC351B000D36CC1 /* Base */ = {isa = PBXFileReference; lastKnownFileType = file.storyboard; name = Base; path = Base.lproj/Main.storyboard; sourceTree = "<group>"; };
		3B69E3911EC351B000D36CC1 /* Assets.xcassets */ = {isa = PBXFileReference; lastKnownFileType = folder.assetcatalog; path = Assets.xcassets; sourceTree = "<group>"; };
		3B69E3941EC351B000D36CC1 /* Base */ = {isa = PBXFileReference; lastKnownFileType = file.storyboard; name = Base; path = Base.lproj/LaunchScreen.storyboard; sourceTree = "<group>"; };
		3B69E3961EC351B000D36CC1 /* Info.plist */ = {isa = PBXFileReference; lastKnownFileType = text.plist.xml; path = Info.plist; sourceTree = "<group>"; };
/* End PBXFileReference section */

/* Begin PBXFrameworksBuildPhase section */
		3B69E3841EC351B000D36CC1 /* Frameworks */ = {
			isa = PBXFrameworksBuildPhase;
			buildActionMask = 2147483647;
			files = (
			);
			runOnlyForDeploymentPostprocessing = 0;
		};
/* End PBXFrameworksBuildPhase section */

/* Begin PBXGroup section */
		3B69E37E1EC351AF00D36CC1 = {
			isa = PBXGroup;
			children = (
				3B69E3891EC351B000D36CC1 /* Swipeable Cell */,
				3B69E3881EC351B000D36CC1 /* Products */,
			);
			sourceTree = "<group>";
		};
		3B69E3881EC351B000D36CC1 /* Products */ = {
			isa = PBXGroup;
			children = (
				3B69E3871EC351B000D36CC1 /* Swipeable Cell.app */,
			);
			name = Products;
			sourceTree = "<group>";
		};
		3B69E3891EC351B000D36CC1 /* Swipeable Cell */ = {
			isa = PBXGroup;
			children = (
				3B69E38A1EC351B000D36CC1 /* AppDelegate.swift */,
				3B69E38C1EC351B000D36CC1 /* ViewController.swift */,
				3B69E38E1EC351B000D36CC1 /* Main.storyboard */,
				3B69E3911EC351B000D36CC1 /* Assets.xcassets */,
				3B69E3931EC351B000D36CC1 /* LaunchScreen.storyboard */,
				3B69E3961EC351B000D36CC1 /* Info.plist */,
			);
			path = "Swipeable Cell";
			sourceTree = "<group>";
		};
/* End PBXGroup section */

/* Begin PBXNativeTarget section */
		3B69E3861EC351B000D36CC1 /* Swipeable Cell */ = {
			isa = PBXNativeTarget;
			buildConfigurationList = 3B69E3991EC351B000D36CC1 /* Build configuration list for PBXNativeTarget "Swipeable Cell" */;
			buildPhases = (
				3B69E3831EC351B000D36CC1 /* Sources */,
				3B69E3841EC351B000D36CC1 /* Frameworks */,
				3B69E3851EC351B000D36CC1 /* Resources */,
			);
			buildRules = (
			);
			dependencies = (
			);
			name = "Swipeable Cell";
			productName = "Swipeable Cell";
			productReference = 3B69E3871EC351B000D36CC1 /* Swipeable Cell.app */;
			productType = "com.apple.product-type.application";
		};
/* End PBXNativeTarget section */

/* Begin PBXProject section */
		3B69E37F1EC351AF00D36CC1 /* Project object */ = {
			isa = PBXProject;
			attributes = {
				LastSwiftUpdateCheck = 0830;
				LastUpgradeCheck = 0830;
				ORGANIZATIONNAME = nimoAndHisFriends;
				TargetAttributes = {
					3B69E3861EC351B000D36CC1 = {
						CreatedOnToolsVersion = 8.3.2;
						ProvisioningStyle = Automatic;
					};
				};
			};
			buildConfigurationList = 3B69E3821EC351AF00D36CC1 /* Build configuration list for PBXProject "Swipeable Cell" */;
			compatibilityVersion = "Xcode 3.2";
			developmentRegion = English;
			hasScannedForEncodings = 0;
			knownRegions = (
				en,
				Base,
			);
			mainGroup = 3B69E37E1EC351AF00D36CC1;
			productRefGroup = 3B69E3881EC351B000D36CC1 /* Products */;
			projectDirPath = "";
			projectRoot = "";
			targets = (
				3B69E3861EC351B000D36CC1 /* Swipeable Cell */,
			);
		};
/* End PBXProject section */

/* Begin PBXResourcesBuildPhase section */
		3B69E3851EC351B000D36CC1 /* Resources */ = {
			isa = PBXResourcesBuildPhase;
			buildActionMask = 2147483647;
			files = (
				3B69E3951EC351B000D36CC1 /* LaunchScreen.storyboard in Resources */,
				3B69E3921EC351B000D36CC1 /* Assets.xcassets in Resources */,
				3B69E3901EC351B000D36CC1 /* Main.storyboard in Resources */,
			);
			runOnlyForDeploymentPostprocessing = 0;
		};
/* End PBXResourcesBuildPhase section */

/* Begin PBXSourcesBuildPhase section */
		3B69E3831EC351B000D36CC1 /* Sources */ = {
			isa = PBXSourcesBuildPhase;
			buildActionMask = 2147483647;
			files = (
				3B69E38D1EC351B000D36CC1 /* ViewController.swift in Sources */,
				3B69E38B1EC351B000D36CC1 /* AppDelegate.swift in Sources */,
			);
			runOnlyForDeploymentPostprocessing = 0;
		};
/* End PBXSourcesBuildPhase section */

/* Begin PBXVariantGroup section */
		3B69E38E1EC351B000D36CC1 /* Main.storyboard */ = {
			isa = PBXVariantGroup;
			children = (
				3B69E38F1EC351B000D36CC1 /* Base */,
			);
			name = Main.storyboard;
			sourceTree = "<group>";
		};
		3B69E3931EC351B000D36CC1 /* LaunchScreen.storyboard */ = {
			isa = PBXVariantGroup;
			children = (
				3B69E3941EC351B000D36CC1 /* Base */,
			);
			name = LaunchScreen.storyboard;
			sourceTree = "<group>";
		};
/* End PBXVariantGroup section */

/* Begin XCBuildConfiguration section */
		3B69E3971EC351B000D36CC1 /* Debug */ = {
			isa = XCBuildConfiguration;
			buildSettings = {
				ALWAYS_SEARCH_USER_PATHS = NO;
				CLANG_ANALYZER_NONNULL = YES;
				CLANG_ANALYZER_NUMBER_OBJECT_CONVERSION = YES_AGGRESSIVE;
				CLANG_CXX_LANGUAGE_STANDARD = "gnu++0x";
				CLANG_CXX_LIBRARY = "libc++";
				CLANG_ENABLE_MODULES = YES;
				CLANG_ENABLE_OBJC_ARC = YES;
				CLANG_WARN_BOOL_CONVERSION = YES;
				CLANG_WARN_CONSTANT_CONVERSION = YES;
				CLANG_WARN_DIRECT_OBJC_ISA_USAGE = YES_ERROR;
				CLANG_WARN_DOCUMENTATION_COMMENTS = YES;
				CLANG_WARN_EMPTY_BODY = YES;
				CLANG_WARN_ENUM_CONVERSION = YES;
				CLANG_WARN_INFINITE_RECURSION = YES;
				CLANG_WARN_INT_CONVERSION = YES;
				CLANG_WARN_OBJC_ROOT_CLASS = YES_ERROR;
				CLANG_WARN_SUSPICIOUS_MOVE = YES;
				CLANG_WARN_UNREACHABLE_CODE = YES;
				CLANG_WARN__DUPLICATE_METHOD_MATCH = YES;
				"CODE_SIGN_IDENTITY[sdk=iphoneos*]" = "iPhone Developer";
				COPY_PHASE_STRIP = NO;
				DEBUG_INFORMATION_FORMAT = dwarf;
				ENABLE_STRICT_OBJC_MSGSEND = YES;
				ENABLE_TESTABILITY = YES;
				GCC_C_LANGUAGE_STANDARD = gnu99;
				GCC_DYNAMIC_NO_PIC = NO;
				GCC_NO_COMMON_BLOCKS = YES;
				GCC_OPTIMIZATION_LEVEL = 0;
				GCC_PREPROCESSOR_DEFINITIONS = (
					"DEBUG=1",
					"$(inherited)",
				);
				GCC_WARN_64_TO_32_BIT_CONVERSION = YES;
				GCC_WARN_ABOUT_RETURN_TYPE = YES_ERROR;
				GCC_WARN_UNDECLARED_SELECTOR = YES;
				GCC_WARN_UNINITIALIZED_AUTOS = YES_AGGRESSIVE;
				GCC_WARN_UNUSED_FUNCTION = YES;
				GCC_WARN_UNUSED_VARIABLE = YES;
				IPHONEOS_DEPLOYMENT_TARGET = 10.3;
				MTL_ENABLE_DEBUG_INFO = YES;
				ONLY_ACTIVE_ARCH = YES;
				SDKROOT = iphoneos;
				SWIFT_ACTIVE_COMPILATION_CONDITIONS = DEBUG;
				SWIFT_OPTIMIZATION_LEVEL = "-Onone";
			};
			name = Debug;
		};
		3B69E3981EC351B000D36CC1 /* Release */ = {
			isa = XCBuildConfiguration;
			buildSettings = {
				ALWAYS_SEARCH_USER_PATHS = NO;
				CLANG_ANALYZER_NONNULL = YES;
				CLANG_ANALYZER_NUMBER_OBJECT_CONVERSION = YES_AGGRESSIVE;
				CLANG_CXX_LANGUAGE_STANDARD = "gnu++0x";
				CLANG_CXX_LIBRARY = "libc++";
				CLANG_ENABLE_MODULES = YES;
				CLANG_ENABLE_OBJC_ARC = YES;
				CLANG_WARN_BOOL_CONVERSION = YES;
				CLANG_WARN_CONSTANT_CONVERSION = YES;
				CLANG_WARN_DIRECT_OBJC_ISA_USAGE = YES_ERROR;
				CLANG_WARN_DOCUMENTATION_COMMENTS = YES;
				CLANG_WARN_EMPTY_BODY = YES;
				CLANG_WARN_ENUM_CONVERSION = YES;
				CLANG_WARN_INFINITE_RECURSION = YES;
				CLANG_WARN_INT_CONVERSION = YES;
				CLANG_WARN_OBJC_ROOT_CLASS = YES_ERROR;
				CLANG_WARN_SUSPICIOUS_MOVE = YES;
				CLANG_WARN_UNREACHABLE_CODE = YES;
				CLANG_WARN__DUPLICATE_METHOD_MATCH = YES;
				"CODE_SIGN_IDENTITY[sdk=iphoneos*]" = "iPhone Developer";
				COPY_PHASE_STRIP = NO;
				DEBUG_INFORMATION_FORMAT = "dwarf-with-dsym";
				ENABLE_NS_ASSERTIONS = NO;
				ENABLE_STRICT_OBJC_MSGSEND = YES;
				GCC_C_LANGUAGE_STANDARD = gnu99;
				GCC_NO_COMMON_BLOCKS = YES;
				GCC_WARN_64_TO_32_BIT_CONVERSION = YES;
				GCC_WARN_ABOUT_RETURN_TYPE = YES_ERROR;
				GCC_WARN_UNDECLARED_SELECTOR = YES;
				GCC_WARN_UNINITIALIZED_AUTOS = YES_AGGRESSIVE;
				GCC_WARN_UNUSED_FUNCTION = YES;
				GCC_WARN_UNUSED_VARIABLE = YES;
				IPHONEOS_DEPLOYMENT_TARGET = 10.3;
				MTL_ENABLE_DEBUG_INFO = NO;
				SDKROOT = iphoneos;
				SWIFT_OPTIMIZATION_LEVEL = "-Owholemodule";
				VALIDATE_PRODUCT = YES;
			};
			name = Release;
		};
		3B69E39A1EC351B000D36CC1 /* Debug */ = {
			isa = XCBuildConfiguration;
			buildSettings = {
				ASSETCATALOG_COMPILER_APPICON_NAME = AppIcon;
				DEVELOPMENT_TEAM = "";
				INFOPLIST_FILE = "Swipeable Cell/Info.plist";
				LD_RUNPATH_SEARCH_PATHS = "$(inherited) @executable_path/Frameworks";
				PRODUCT_BUNDLE_IDENTIFIER = "com.nimomeng.and.his.friends.Swipeable-Cell";
				PRODUCT_NAME = "$(TARGET_NAME)";
				SWIFT_VERSION = 3.0;
			};
			name = Debug;
		};
		3B69E39B1EC351B000D36CC1 /* Release */ = {
			isa = XCBuildConfiguration;
			buildSettings = {
				ASSETCATALOG_COMPILER_APPICON_NAME = AppIcon;
				DEVELOPMENT_TEAM = "";
				INFOPLIST_FILE = "Swipeable Cell/Info.plist";
				LD_RUNPATH_SEARCH_PATHS = "$(inherited) @executable_path/Frameworks";
				PRODUCT_BUNDLE_IDENTIFIER = "com.nimomeng.and.his.friends.Swipeable-Cell";
				PRODUCT_NAME = "$(TARGET_NAME)";
				SWIFT_VERSION = 3.0;
			};
			name = Release;
		};
/* End XCBuildConfiguration section */

/* Begin XCConfigurationList section */
		3B69E3821EC351AF00D36CC1 /* Build configuration list for PBXProject "Swipeable Cell" */ = {
			isa = XCConfigurationList;
			buildConfigurations = (
				3B69E3971EC351B000D36CC1 /* Debug */,
				3B69E3981EC351B000D36CC1 /* Release */,
			);
			defaultConfigurationIsVisible = 0;
			defaultConfigurationName = Release;
		};
		3B69E3991EC351B000D36CC1 /* Build configuration list for PBXNativeTarget "Swipeable Cell" */ = {
			isa = XCConfigurationList;
			buildConfigurations = (
				3B69E39A1EC351B000D36CC1 /* Debug */,
				3B69E39B1EC351B000D36CC1 /* Release */,
			);
			defaultConfigurationIsVisible = 0;
			defaultConfigurationName = Release;
		};
/* End XCConfigurationList section */
	};
	rootObject = 3B69E37F1EC351AF00D36CC1 /* Project object */;
}
