// !$*UTF8*$!
{
	archiveVersion = 1;
	classes = {
	};
	objectVersion = 46;
	objects = {

/* Begin PBXBuildFile section */
		3BCD3A471EBEE19B00EC155A /* AppDelegate.swift in Sources */ = {isa = PBXBuildFile; fileRef = 3BCD3A461EBEE19B00EC155A /* AppDelegate.swift */; };
		3BCD3A491EBEE19B00EC155A /* ViewController.swift in Sources */ = {isa = PBXBuildFile; fileRef = 3BCD3A481EBEE19B00EC155A /* ViewController.swift */; };
		3BCD3A4C1EBEE19B00EC155A /* Main.storyboard in Resources */ = {isa = PBXBuildFile; fileRef = 3BCD3A4A1EBEE19B00EC155A /* Main.storyboard */; };
		3BCD3A4E1EBEE19B00EC155A /* Assets.xcassets in Resources */ = {isa = PBXBuildFile; fileRef = 3BCD3A4D1EBEE19B00EC155A /* Assets.xcassets */; };
		3BCD3A511EBEE19B00EC155A /* LaunchScreen.storyboard in Resources */ = {isa = PBXBuildFile; fileRef = 3BCD3A4F1EBEE19B00EC155A /* LaunchScreen.storyboard */; };
		3BCD3A591EBEEB3E00EC155A /* twitterBG.jpeg in Resources */ = {isa = PBXBuildFile; fileRef = 3BCD3A581EBEEB3E00EC155A /* twitterBG.jpeg */; };
		3BCD3A5B1EBEED3400EC155A /* logo.png in Resources */ = {isa = PBXBuildFile; fileRef = 3BCD3A5A1EBEED3400EC155A /* logo.png */; };
/* End PBXBuildFile section */

/* Begin PBXFileReference section */
		3BCD3A431EBEE19B00EC155A /* TwitterLikeSplash.app */ = {isa = PBXFileReference; explicitFileType = wrapper.application; includeInIndex = 0; path = TwitterLikeSplash.app; sourceTree = BUILT_PRODUCTS_DIR; };
		3BCD3A461EBEE19B00EC155A /* AppDelegate.swift */ = {isa = PBXFileReference; lastKnownFileType = sourcecode.swift; path = AppDelegate.swift; sourceTree = "<group>"; };
		3BCD3A481EBEE19B00EC155A /* ViewController.swift */ = {isa = PBXFileReference; lastKnownFileType = sourcecode.swift; path = ViewController.swift; sourceTree = "<group>"; };
		3BCD3A4B1EBEE19B00EC155A /* Base */ = {isa = PBXFileReference; lastKnownFileType = file.storyboard; name = Base; path = Base.lproj/Main.storyboard; sourceTree = "<group>"; };
		3BCD3A4D1EBEE19B00EC155A /* Assets.xcassets */ = {isa = PBXFileReference; lastKnownFileType = folder.assetcatalog; path = Assets.xcassets; sourceTree = "<group>"; };
		3BCD3A501EBEE19B00EC155A /* Base */ = {isa = PBXFileReference; lastKnownFileType = file.storyboard; name = Base; path = Base.lproj/LaunchScreen.storyboard; sourceTree = "<group>"; };
		3BCD3A521EBEE19B00EC155A /* Info.plist */ = {isa = PBXFileReference; lastKnownFileType = text.plist.xml; path = Info.plist; sourceTree = "<group>"; };
		3BCD3A581EBEEB3E00EC155A /* twitterBG.jpeg */ = {isa = PBXFileReference; lastKnownFileType = image.jpeg; path = twitterBG.jpeg; sourceTree = "<group>"; };
		3BCD3A5A1EBEED3400EC155A /* logo.png */ = {isa = PBXFileReference; lastKnownFileType = image.png; path = logo.png; sourceTree = "<group>"; };
/* End PBXFileReference section */

/* Begin PBXFrameworksBuildPhase section */
		3BCD3A401EBEE19B00EC155A /* Frameworks */ = {
			isa = PBXFrameworksBuildPhase;
			buildActionMask = 2147483647;
			files = (
			);
			runOnlyForDeploymentPostprocessing = 0;
		};
/* End PBXFrameworksBuildPhase section */

/* Begin PBXGroup section */
		3BCD3A3A1EBEE19B00EC155A = {
			isa = PBXGroup;
			children = (
				3BCD3A451EBEE19B00EC155A /* TwitterLikeSplash */,
				3BCD3A441EBEE19B00EC155A /* Products */,
			);
			sourceTree = "<group>";
		};
		3BCD3A441EBEE19B00EC155A /* Products */ = {
			isa = PBXGroup;
			children = (
				3BCD3A431EBEE19B00EC155A /* TwitterLikeSplash.app */,
			);
			name = Products;
			sourceTree = "<group>";
		};
		3BCD3A451EBEE19B00EC155A /* TwitterLikeSplash */ = {
			isa = PBXGroup;
			children = (
				3BCD3A5A1EBEED3400EC155A /* logo.png */,
				3BCD3A581EBEEB3E00EC155A /* twitterBG.jpeg */,
				3BCD3A461EBEE19B00EC155A /* AppDelegate.swift */,
				3BCD3A481EBEE19B00EC155A /* ViewController.swift */,
				3BCD3A4A1EBEE19B00EC155A /* Main.storyboard */,
				3BCD3A4D1EBEE19B00EC155A /* Assets.xcassets */,
				3BCD3A4F1EBEE19B00EC155A /* LaunchScreen.storyboard */,
				3BCD3A521EBEE19B00EC155A /* Info.plist */,
			);
			path = TwitterLikeSplash;
			sourceTree = "<group>";
		};
/* End PBXGroup section */

/* Begin PBXNativeTarget section */
		3BCD3A421EBEE19B00EC155A /* TwitterLikeSplash */ = {
			isa = PBXNativeTarget;
			buildConfigurationList = 3BCD3A551EBEE19B00EC155A /* Build configuration list for PBXNativeTarget "TwitterLikeSplash" */;
			buildPhases = (
				3BCD3A3F1EBEE19B00EC155A /* Sources */,
				3BCD3A401EBEE19B00EC155A /* Frameworks */,
				3BCD3A411EBEE19B00EC155A /* Resources */,
			);
			buildRules = (
			);
			dependencies = (
			);
			name = TwitterLikeSplash;
			productName = TwitterLikeSplash;
			productReference = 3BCD3A431EBEE19B00EC155A /* TwitterLikeSplash.app */;
			productType = "com.apple.product-type.application";
		};
/* End PBXNativeTarget section */

/* Begin PBXProject section */
		3BCD3A3B1EBEE19B00EC155A /* Project object */ = {
			isa = PBXProject;
			attributes = {
				LastSwiftUpdateCheck = 0830;
				LastUpgradeCheck = 0830;
				ORGANIZATIONNAME = nimoAndHisFriends;
				TargetAttributes = {
					3BCD3A421EBEE19B00EC155A = {
						CreatedOnToolsVersion = 8.3.2;
						ProvisioningStyle = Automatic;
					};
				};
			};
			buildConfigurationList = 3BCD3A3E1EBEE19B00EC155A /* Build configuration list for PBXProject "TwitterLikeSplash" */;
			compatibilityVersion = "Xcode 3.2";
			developmentRegion = English;
			hasScannedForEncodings = 0;
			knownRegions = (
				en,
				Base,
			);
			mainGroup = 3BCD3A3A1EBEE19B00EC155A;
			productRefGroup = 3BCD3A441EBEE19B00EC155A /* Products */;
			projectDirPath = "";
			projectRoot = "";
			targets = (
				3BCD3A421EBEE19B00EC155A /* TwitterLikeSplash */,
			);
		};
/* End PBXProject section */

/* Begin PBXResourcesBuildPhase section */
		3BCD3A411EBEE19B00EC155A /* Resources */ = {
			isa = PBXResourcesBuildPhase;
			buildActionMask = 2147483647;
			files = (
				3BCD3A511EBEE19B00EC155A /* LaunchScreen.storyboard in Resources */,
				3BCD3A5B1EBEED3400EC155A /* logo.png in Resources */,
				3BCD3A4E1EBEE19B00EC155A /* Assets.xcassets in Resources */,
				3BCD3A591EBEEB3E00EC155A /* twitterBG.jpeg in Resources */,
				3BCD3A4C1EBEE19B00EC155A /* Main.storyboard in Resources */,
			);
			runOnlyForDeploymentPostprocessing = 0;
		};
/* End PBXResourcesBuildPhase section */

/* Begin PBXSourcesBuildPhase section */
		3BCD3A3F1EBEE19B00EC155A /* Sources */ = {
			isa = PBXSourcesBuildPhase;
			buildActionMask = 2147483647;
			files = (
				3BCD3A491EBEE19B00EC155A /* ViewController.swift in Sources */,
				3BCD3A471EBEE19B00EC155A /* AppDelegate.swift in Sources */,
			);
			runOnlyForDeploymentPostprocessing = 0;
		};
/* End PBXSourcesBuildPhase section */

/* Begin PBXVariantGroup section */
		3BCD3A4A1EBEE19B00EC155A /* Main.storyboard */ = {
			isa = PBXVariantGroup;
			children = (
				3BCD3A4B1EBEE19B00EC155A /* Base */,
			);
			name = Main.storyboard;
			sourceTree = "<group>";
		};
		3BCD3A4F1EBEE19B00EC155A /* LaunchScreen.storyboard */ = {
			isa = PBXVariantGroup;
			children = (
				3BCD3A501EBEE19B00EC155A /* Base */,
			);
			name = LaunchScreen.storyboard;
			sourceTree = "<group>";
		};
/* End PBXVariantGroup section */

/* Begin XCBuildConfiguration section */
		3BCD3A531EBEE19B00EC155A /* Debug */ = {
			isa = XCBuildConfiguration;
			buildSettings = {
				ALWAYS_SEARCH_USER_PATHS = NO;
				CLANG_ANALYZER_NONNULL = YES;
				CLANG_ANALYZER_NUMBER_OBJECT_CONVERSION = YES_AGGRESSIVE;
				CLANG_CXX_LANGUAGE_STANDARD = "gnu++0x";
				CLANG_CXX_LIBRARY = "libc++";
				CLANG_ENABLE_MODULES = YES;
				CLANG_ENABLE_OBJC_ARC = YES;
				CLANG_WARN_BOOL_CONVERSION = YES;
				CLANG_WARN_CONSTANT_CONVERSION = YES;
				CLANG_WARN_DIRECT_OBJC_ISA_USAGE = YES_ERROR;
				CLANG_WARN_DOCUMENTATION_COMMENTS = YES;
				CLANG_WARN_EMPTY_BODY = YES;
				CLANG_WARN_ENUM_CONVERSION = YES;
				CLANG_WARN_INFINITE_RECURSION = YES;
				CLANG_WARN_INT_CONVERSION = YES;
				CLANG_WARN_OBJC_ROOT_CLASS = YES_ERROR;
				CLANG_WARN_SUSPICIOUS_MOVE = YES;
				CLANG_WARN_UNREACHABLE_CODE = YES;
				CLANG_WARN__DUPLICATE_METHOD_MATCH = YES;
				"CODE_SIGN_IDENTITY[sdk=iphoneos*]" = "iPhone Developer";
				COPY_PHASE_STRIP = NO;
				DEBUG_INFORMATION_FORMAT = dwarf;
				ENABLE_STRICT_OBJC_MSGSEND = YES;
				ENABLE_TESTABILITY = YES;
				GCC_C_LANGUAGE_STANDARD = gnu99;
				GCC_DYNAMIC_NO_PIC = NO;
				GCC_NO_COMMON_BLOCKS = YES;
				GCC_OPTIMIZATION_LEVEL = 0;
				GCC_PREPROCESSOR_DEFINITIONS = (
					"DEBUG=1",
					"$(inherited)",
				);
				GCC_WARN_64_TO_32_BIT_CONVERSION = YES;
				GCC_WARN_ABOUT_RETURN_TYPE = YES_ERROR;
				GCC_WARN_UNDECLARED_SELECTOR = YES;
				GCC_WARN_UNINITIALIZED_AUTOS = YES_AGGRESSIVE;
				GCC_WARN_UNUSED_FUNCTION = YES;
				GCC_WARN_UNUSED_VARIABLE = YES;
				IPHONEOS_DEPLOYMENT_TARGET = 10.3;
				MTL_ENABLE_DEBUG_INFO = YES;
				ONLY_ACTIVE_ARCH = YES;
				SDKROOT = iphoneos;
				SWIFT_ACTIVE_COMPILATION_CONDITIONS = DEBUG;
				SWIFT_OPTIMIZATION_LEVEL = "-Onone";
			};
			name = Debug;
		};
		3BCD3A541EBEE19B00EC155A /* Release */ = {
			isa = XCBuildConfiguration;
			buildSettings = {
				ALWAYS_SEARCH_USER_PATHS = NO;
				CLANG_ANALYZER_NONNULL = YES;
				CLANG_ANALYZER_NUMBER_OBJECT_CONVERSION = YES_AGGRESSIVE;
				CLANG_CXX_LANGUAGE_STANDARD = "gnu++0x";
				CLANG_CXX_LIBRARY = "libc++";
				CLANG_ENABLE_MODULES = YES;
				CLANG_ENABLE_OBJC_ARC = YES;
				CLANG_WARN_BOOL_CONVERSION = YES;
				CLANG_WARN_CONSTANT_CONVERSION = YES;
				CLANG_WARN_DIRECT_OBJC_ISA_USAGE = YES_ERROR;
				CLANG_WARN_DOCUMENTATION_COMMENTS = YES;
				CLANG_WARN_EMPTY_BODY = YES;
				CLANG_WARN_ENUM_CONVERSION = YES;
				CLANG_WARN_INFINITE_RECURSION = YES;
				CLANG_WARN_INT_CONVERSION = YES;
				CLANG_WARN_OBJC_ROOT_CLASS = YES_ERROR;
				CLANG_WARN_SUSPICIOUS_MOVE = YES;
				CLANG_WARN_UNREACHABLE_CODE = YES;
				CLANG_WARN__DUPLICATE_METHOD_MATCH = YES;
				"CODE_SIGN_IDENTITY[sdk=iphoneos*]" = "iPhone Developer";
				COPY_PHASE_STRIP = NO;
				DEBUG_INFORMATION_FORMAT = "dwarf-with-dsym";
				ENABLE_NS_ASSERTIONS = NO;
				ENABLE_STRICT_OBJC_MSGSEND = YES;
				GCC_C_LANGUAGE_STANDARD = gnu99;
				GCC_NO_COMMON_BLOCKS = YES;
				GCC_WARN_64_TO_32_BIT_CONVERSION = YES;
				GCC_WARN_ABOUT_RETURN_TYPE = YES_ERROR;
				GCC_WARN_UNDECLARED_SELECTOR = YES;
				GCC_WARN_UNINITIALIZED_AUTOS = YES_AGGRESSIVE;
				GCC_WARN_UNUSED_FUNCTION = YES;
				GCC_WARN_UNUSED_VARIABLE = YES;
				IPHONEOS_DEPLOYMENT_TARGET = 10.3;
				MTL_ENABLE_DEBUG_INFO = NO;
				SDKROOT = iphoneos;
				SWIFT_OPTIMIZATION_LEVEL = "-Owholemodule";
				VALIDATE_PRODUCT = YES;
			};
			name = Release;
		};
		3BCD3A561EBEE19B00EC155A /* Debug */ = {
			isa = XCBuildConfiguration;
			buildSettings = {
				ASSETCATALOG_COMPILER_APPICON_NAME = AppIcon;
				DEVELOPMENT_TEAM = "";
				INFOPLIST_FILE = TwitterLikeSplash/Info.plist;
				LD_RUNPATH_SEARCH_PATHS = "$(inherited) @executable_path/Frameworks";
				PRODUCT_BUNDLE_IDENTIFIER = com.nimomeng.and.his.friends.TwitterLikeSplash;
				PRODUCT_NAME = "$(TARGET_NAME)";
				SWIFT_VERSION = 3.0;
			};
			name = Debug;
		};
		3BCD3A571EBEE19B00EC155A /* Release */ = {
			isa = XCBuildConfiguration;
			buildSettings = {
				ASSETCATALOG_COMPILER_APPICON_NAME = AppIcon;
				DEVELOPMENT_TEAM = "";
				INFOPLIST_FILE = TwitterLikeSplash/Info.plist;
				LD_RUNPATH_SEARCH_PATHS = "$(inherited) @executable_path/Frameworks";
				PRODUCT_BUNDLE_IDENTIFIER = com.nimomeng.and.his.friends.TwitterLikeSplash;
				PRODUCT_NAME = "$(TARGET_NAME)";
				SWIFT_VERSION = 3.0;
			};
			name = Release;
		};
/* End XCBuildConfiguration section */

/* Begin XCConfigurationList section */
		3BCD3A3E1EBEE19B00EC155A /* Build configuration list for PBXProject "TwitterLikeSplash" */ = {
			isa = XCConfigurationList;
			buildConfigurations = (
				3BCD3A531EBEE19B00EC155A /* Debug */,
				3BCD3A541EBEE19B00EC155A /* Release */,
			);
			defaultConfigurationIsVisible = 0;
			defaultConfigurationName = Release;
		};
		3BCD3A551EBEE19B00EC155A /* Build configuration list for PBXNativeTarget "TwitterLikeSplash" */ = {
			isa = XCConfigurationList;
			buildConfigurations = (
				3BCD3A561EBEE19B00EC155A /* Debug */,
				3BCD3A571EBEE19B00EC155A /* Release */,
			);
			defaultConfigurationIsVisible = 0;
			defaultConfigurationName = Release;
		};
/* End XCConfigurationList section */
	};
	rootObject = 3BCD3A3B1EBEE19B00EC155A /* Project object */;
}
